// !$*UTF8*$!
{
	archiveVersion = 1;
	classes = {
	};
	objectVersion = 46;
	objects = {

/* Begin PBXBuildFile section */
		006638F15A109C6E1B4B9D97 /* Pods_LASwift_tvOS.framework in Frameworks */ = {isa = PBXBuildFile; fileRef = 87C7C07F6C2C3A1C56A4F776 /* Pods_LASwift_tvOS.framework */; };
		0787F5C39569F17391B19D50 /* Pods_LASwift_Tests.framework in Frameworks */ = {isa = PBXBuildFile; fileRef = FB1CD6042258D4EE0073C207 /* Pods_LASwift_Tests.framework */; };
		3611B5C921E96CD1004E0EF8 /* Random.swift in Sources */ = {isa = PBXBuildFile; fileRef = 3611B5BA21E96CD1004E0EF8 /* Random.swift */; };
		3611B5CA21E96CD1004E0EF8 /* VectorStatistics.swift in Sources */ = {isa = PBXBuildFile; fileRef = 3611B5BB21E96CD1004E0EF8 /* VectorStatistics.swift */; };
		3611B5CB21E96CD1004E0EF8 /* VectorArithmetic.swift in Sources */ = {isa = PBXBuildFile; fileRef = 3611B5BC21E96CD1004E0EF8 /* VectorArithmetic.swift */; };
		3611B5CC21E96CD1004E0EF8 /* MatrixTrigonometry.swift in Sources */ = {isa = PBXBuildFile; fileRef = 3611B5BD21E96CD1004E0EF8 /* MatrixTrigonometry.swift */; };
		3611B5CD21E96CD1004E0EF8 /* MatrixStatistics.swift in Sources */ = {isa = PBXBuildFile; fileRef = 3611B5BE21E96CD1004E0EF8 /* MatrixStatistics.swift */; };
		3611B5CE21E96CD1004E0EF8 /* VectorExponent.swift in Sources */ = {isa = PBXBuildFile; fileRef = 3611B5BF21E96CD1004E0EF8 /* VectorExponent.swift */; };
		3611B5CF21E96CD1004E0EF8 /* MatrixExponent.swift in Sources */ = {isa = PBXBuildFile; fileRef = 3611B5C021E96CD1004E0EF8 /* MatrixExponent.swift */; };
		3611B5D021E96CD1004E0EF8 /* MatrixArithmetic.swift in Sources */ = {isa = PBXBuildFile; fileRef = 3611B5C121E96CD1004E0EF8 /* MatrixArithmetic.swift */; };
		3611B5D121E96CD1004E0EF8 /* Operators.swift in Sources */ = {isa = PBXBuildFile; fileRef = 3611B5C221E96CD1004E0EF8 /* Operators.swift */; };
		3611B5D221E96CD1004E0EF8 /* Vector.swift in Sources */ = {isa = PBXBuildFile; fileRef = 3611B5C321E96CD1004E0EF8 /* Vector.swift */; };
		3611B5D321E96CD1004E0EF8 /* Util.swift in Sources */ = {isa = PBXBuildFile; fileRef = 3611B5C421E96CD1004E0EF8 /* Util.swift */; };
		3611B5D421E96CD1004E0EF8 /* Matrix.swift in Sources */ = {isa = PBXBuildFile; fileRef = 3611B5C521E96CD1004E0EF8 /* Matrix.swift */; };
		3611B5D521E96CD1004E0EF8 /* Numeric.swift in Sources */ = {isa = PBXBuildFile; fileRef = 3611B5C621E96CD1004E0EF8 /* Numeric.swift */; };
		3611B5D621E96CD1004E0EF8 /* VectorTrigonometry.swift in Sources */ = {isa = PBXBuildFile; fileRef = 3611B5C721E96CD1004E0EF8 /* VectorTrigonometry.swift */; };
		3611B5D721E96CD1004E0EF8 /* MatrixAlgebra.swift in Sources */ = {isa = PBXBuildFile; fileRef = 3611B5C821E96CD1004E0EF8 /* MatrixAlgebra.swift */; };
		3611B5D921E96CE5004E0EF8 /* Accelerate.framework in Frameworks */ = {isa = PBXBuildFile; fileRef = 3611B5D821E96CE5004E0EF8 /* Accelerate.framework */; };
		3611B65E21E96EBA004E0EF8 /* Random.swift in Sources */ = {isa = PBXBuildFile; fileRef = 3611B5BA21E96CD1004E0EF8 /* Random.swift */; };
		3611B65F21E96EBA004E0EF8 /* VectorStatistics.swift in Sources */ = {isa = PBXBuildFile; fileRef = 3611B5BB21E96CD1004E0EF8 /* VectorStatistics.swift */; };
		3611B66021E96EBA004E0EF8 /* VectorArithmetic.swift in Sources */ = {isa = PBXBuildFile; fileRef = 3611B5BC21E96CD1004E0EF8 /* VectorArithmetic.swift */; };
		3611B66121E96EBA004E0EF8 /* MatrixTrigonometry.swift in Sources */ = {isa = PBXBuildFile; fileRef = 3611B5BD21E96CD1004E0EF8 /* MatrixTrigonometry.swift */; };
		3611B66221E96EBA004E0EF8 /* MatrixStatistics.swift in Sources */ = {isa = PBXBuildFile; fileRef = 3611B5BE21E96CD1004E0EF8 /* MatrixStatistics.swift */; };
		3611B66321E96EBA004E0EF8 /* VectorExponent.swift in Sources */ = {isa = PBXBuildFile; fileRef = 3611B5BF21E96CD1004E0EF8 /* VectorExponent.swift */; };
		3611B66421E96EBA004E0EF8 /* MatrixExponent.swift in Sources */ = {isa = PBXBuildFile; fileRef = 3611B5C021E96CD1004E0EF8 /* MatrixExponent.swift */; };
		3611B66521E96EBA004E0EF8 /* MatrixArithmetic.swift in Sources */ = {isa = PBXBuildFile; fileRef = 3611B5C121E96CD1004E0EF8 /* MatrixArithmetic.swift */; };
		3611B66621E96EBA004E0EF8 /* Operators.swift in Sources */ = {isa = PBXBuildFile; fileRef = 3611B5C221E96CD1004E0EF8 /* Operators.swift */; };
		3611B66721E96EBA004E0EF8 /* Vector.swift in Sources */ = {isa = PBXBuildFile; fileRef = 3611B5C321E96CD1004E0EF8 /* Vector.swift */; };
		3611B66821E96EBA004E0EF8 /* Util.swift in Sources */ = {isa = PBXBuildFile; fileRef = 3611B5C421E96CD1004E0EF8 /* Util.swift */; };
		3611B66921E96EBA004E0EF8 /* Matrix.swift in Sources */ = {isa = PBXBuildFile; fileRef = 3611B5C521E96CD1004E0EF8 /* Matrix.swift */; };
		3611B66A21E96EBA004E0EF8 /* Numeric.swift in Sources */ = {isa = PBXBuildFile; fileRef = 3611B5C621E96CD1004E0EF8 /* Numeric.swift */; };
		3611B66B21E96EBA004E0EF8 /* VectorTrigonometry.swift in Sources */ = {isa = PBXBuildFile; fileRef = 3611B5C721E96CD1004E0EF8 /* VectorTrigonometry.swift */; };
		3611B66C21E96EBA004E0EF8 /* MatrixAlgebra.swift in Sources */ = {isa = PBXBuildFile; fileRef = 3611B5C821E96CD1004E0EF8 /* MatrixAlgebra.swift */; };
		3611B66D21E96EBB004E0EF8 /* Random.swift in Sources */ = {isa = PBXBuildFile; fileRef = 3611B5BA21E96CD1004E0EF8 /* Random.swift */; };
		3611B66E21E96EBB004E0EF8 /* VectorStatistics.swift in Sources */ = {isa = PBXBuildFile; fileRef = 3611B5BB21E96CD1004E0EF8 /* VectorStatistics.swift */; };
		3611B66F21E96EBB004E0EF8 /* VectorArithmetic.swift in Sources */ = {isa = PBXBuildFile; fileRef = 3611B5BC21E96CD1004E0EF8 /* VectorArithmetic.swift */; };
		3611B67021E96EBB004E0EF8 /* MatrixTrigonometry.swift in Sources */ = {isa = PBXBuildFile; fileRef = 3611B5BD21E96CD1004E0EF8 /* MatrixTrigonometry.swift */; };
		3611B67121E96EBB004E0EF8 /* MatrixStatistics.swift in Sources */ = {isa = PBXBuildFile; fileRef = 3611B5BE21E96CD1004E0EF8 /* MatrixStatistics.swift */; };
		3611B67221E96EBB004E0EF8 /* VectorExponent.swift in Sources */ = {isa = PBXBuildFile; fileRef = 3611B5BF21E96CD1004E0EF8 /* VectorExponent.swift */; };
		3611B67321E96EBB004E0EF8 /* MatrixExponent.swift in Sources */ = {isa = PBXBuildFile; fileRef = 3611B5C021E96CD1004E0EF8 /* MatrixExponent.swift */; };
		3611B67421E96EBB004E0EF8 /* MatrixArithmetic.swift in Sources */ = {isa = PBXBuildFile; fileRef = 3611B5C121E96CD1004E0EF8 /* MatrixArithmetic.swift */; };
		3611B67521E96EBB004E0EF8 /* Operators.swift in Sources */ = {isa = PBXBuildFile; fileRef = 3611B5C221E96CD1004E0EF8 /* Operators.swift */; };
		3611B67621E96EBB004E0EF8 /* Vector.swift in Sources */ = {isa = PBXBuildFile; fileRef = 3611B5C321E96CD1004E0EF8 /* Vector.swift */; };
		3611B67721E96EBB004E0EF8 /* Util.swift in Sources */ = {isa = PBXBuildFile; fileRef = 3611B5C421E96CD1004E0EF8 /* Util.swift */; };
		3611B67821E96EBB004E0EF8 /* Matrix.swift in Sources */ = {isa = PBXBuildFile; fileRef = 3611B5C521E96CD1004E0EF8 /* Matrix.swift */; };
		3611B67921E96EBB004E0EF8 /* Numeric.swift in Sources */ = {isa = PBXBuildFile; fileRef = 3611B5C621E96CD1004E0EF8 /* Numeric.swift */; };
		3611B67A21E96EBB004E0EF8 /* VectorTrigonometry.swift in Sources */ = {isa = PBXBuildFile; fileRef = 3611B5C721E96CD1004E0EF8 /* VectorTrigonometry.swift */; };
		3611B67B21E96EBB004E0EF8 /* MatrixAlgebra.swift in Sources */ = {isa = PBXBuildFile; fileRef = 3611B5C821E96CD1004E0EF8 /* MatrixAlgebra.swift */; };
		3611B67D21E96ECF004E0EF8 /* Accelerate.framework in Frameworks */ = {isa = PBXBuildFile; fileRef = 3611B67C21E96ECF004E0EF8 /* Accelerate.framework */; };
		3611B67F21E96ED8004E0EF8 /* Accelerate.framework in Frameworks */ = {isa = PBXBuildFile; fileRef = 3611B67E21E96ED8004E0EF8 /* Accelerate.framework */; };
		36EF117821E9703700B11E01 /* Foundation.framework in Frameworks */ = {isa = PBXBuildFile; fileRef = 36EF117721E9703700B11E01 /* Foundation.framework */; };
		36EF117A21E9703F00B11E01 /* Foundation.framework in Frameworks */ = {isa = PBXBuildFile; fileRef = 36EF117921E9703F00B11E01 /* Foundation.framework */; };
		36EF117C21E9704600B11E01 /* Foundation.framework in Frameworks */ = {isa = PBXBuildFile; fileRef = 36EF117B21E9704600B11E01 /* Foundation.framework */; };
		36EF117D21E9704D00B11E01 /* Accelerate.framework in Frameworks */ = {isa = PBXBuildFile; fileRef = 3611B64221E96E08004E0EF8 /* Accelerate.framework */; };
		36EF117F21E9705600B11E01 /* Foundation.framework in Frameworks */ = {isa = PBXBuildFile; fileRef = 36EF117E21E9705600B11E01 /* Foundation.framework */; };
		B1EC68B8EA0F226DEEFAE493 /* Pods_LASwift_watchOS.framework in Frameworks */ = {isa = PBXBuildFile; fileRef = D3EF3DBBB6EE48D4BEE9D991 /* Pods_LASwift_watchOS.framework */; };
		FA4AC4081E5E3EF000D5F51F /* VectorTests.swift in Sources */ = {isa = PBXBuildFile; fileRef = FA4AC4071E5E3EF000D5F51F /* VectorTests.swift */; };
		FA4AC40E1E6614EC00D5F51F /* MatrixTests.swift in Sources */ = {isa = PBXBuildFile; fileRef = FA4AC40D1E6614EC00D5F51F /* MatrixTests.swift */; };
		FAD2257E1E7925C40012219D /* PerformanceTests.swift in Sources */ = {isa = PBXBuildFile; fileRef = FAD2257D1E7925C40012219D /* PerformanceTests.swift */; };
		FB1CD5FC2258D0DF0073C207 /* Pods_LASwift_Tests.framework in Frameworks */ = {isa = PBXBuildFile; fileRef = FB1CD5FB2258D0DF0073C207 /* Pods_LASwift_Tests.framework */; };
		FB1CD5FE2258D0E90073C207 /* Pods_LASwift_iOS.framework in Frameworks */ = {isa = PBXBuildFile; fileRef = FB1CD5FD2258D0E90073C207 /* Pods_LASwift_iOS.framework */; };
		FB1CD6072258D4F50073C207 /* Pods_LASwift_macOS.framework in Frameworks */ = {isa = PBXBuildFile; fileRef = FB1CD6062258D4F50073C207 /* Pods_LASwift_macOS.framework */; };
		FB1CD6082258D5150073C207 /* LASwift.framework in Frameworks */ = {isa = PBXBuildFile; fileRef = 3611B68521E96F46004E0EF8 /* LASwift.framework */; };
		FB1CD6092258D5310073C207 /* Random.swift in Sources */ = {isa = PBXBuildFile; fileRef = 3611B5BA21E96CD1004E0EF8 /* Random.swift */; };
		FB1CD60A2258D5310073C207 /* VectorStatistics.swift in Sources */ = {isa = PBXBuildFile; fileRef = 3611B5BB21E96CD1004E0EF8 /* VectorStatistics.swift */; };
		FB1CD60B2258D5310073C207 /* VectorArithmetic.swift in Sources */ = {isa = PBXBuildFile; fileRef = 3611B5BC21E96CD1004E0EF8 /* VectorArithmetic.swift */; };
		FB1CD60C2258D5310073C207 /* MatrixTrigonometry.swift in Sources */ = {isa = PBXBuildFile; fileRef = 3611B5BD21E96CD1004E0EF8 /* MatrixTrigonometry.swift */; };
		FB1CD60D2258D5310073C207 /* MatrixStatistics.swift in Sources */ = {isa = PBXBuildFile; fileRef = 3611B5BE21E96CD1004E0EF8 /* MatrixStatistics.swift */; };
		FB1CD60E2258D5310073C207 /* VectorExponent.swift in Sources */ = {isa = PBXBuildFile; fileRef = 3611B5BF21E96CD1004E0EF8 /* VectorExponent.swift */; };
		FB1CD60F2258D5310073C207 /* MatrixExponent.swift in Sources */ = {isa = PBXBuildFile; fileRef = 3611B5C021E96CD1004E0EF8 /* MatrixExponent.swift */; };
		FB1CD6102258D5310073C207 /* MatrixArithmetic.swift in Sources */ = {isa = PBXBuildFile; fileRef = 3611B5C121E96CD1004E0EF8 /* MatrixArithmetic.swift */; };
		FB1CD6112258D5310073C207 /* Operators.swift in Sources */ = {isa = PBXBuildFile; fileRef = 3611B5C221E96CD1004E0EF8 /* Operators.swift */; };
		FB1CD6122258D5310073C207 /* Vector.swift in Sources */ = {isa = PBXBuildFile; fileRef = 3611B5C321E96CD1004E0EF8 /* Vector.swift */; };
		FB1CD6132258D5310073C207 /* Util.swift in Sources */ = {isa = PBXBuildFile; fileRef = 3611B5C421E96CD1004E0EF8 /* Util.swift */; };
		FB1CD6142258D5310073C207 /* Matrix.swift in Sources */ = {isa = PBXBuildFile; fileRef = 3611B5C521E96CD1004E0EF8 /* Matrix.swift */; };
		FB1CD6152258D5310073C207 /* Numeric.swift in Sources */ = {isa = PBXBuildFile; fileRef = 3611B5C621E96CD1004E0EF8 /* Numeric.swift */; };
		FB1CD6162258D5310073C207 /* VectorTrigonometry.swift in Sources */ = {isa = PBXBuildFile; fileRef = 3611B5C721E96CD1004E0EF8 /* VectorTrigonometry.swift */; };
		FB1CD6172258D5310073C207 /* MatrixAlgebra.swift in Sources */ = {isa = PBXBuildFile; fileRef = 3611B5C821E96CD1004E0EF8 /* MatrixAlgebra.swift */; };
		FBE9377C25AF361400C16575 /* MatrixLeastSquare.swift in Sources */ = {isa = PBXBuildFile; fileRef = 8BC160932517B84C00E240A3 /* MatrixLeastSquare.swift */; };
		FBE9378225AF361800C16575 /* MatrixLeastSquare.swift in Sources */ = {isa = PBXBuildFile; fileRef = 8BC160932517B84C00E240A3 /* MatrixLeastSquare.swift */; };
		FBE9378825AF361C00C16575 /* MatrixLeastSquare.swift in Sources */ = {isa = PBXBuildFile; fileRef = 8BC160932517B84C00E240A3 /* MatrixLeastSquare.swift */; };
		FBE9378E25AF362000C16575 /* MatrixLeastSquare.swift in Sources */ = {isa = PBXBuildFile; fileRef = 8BC160932517B84C00E240A3 /* MatrixLeastSquare.swift */; };
/* End PBXBuildFile section */

/* Begin PBXFileReference section */
		1704107214A5332AD1B6A5CA /* Pods-LASwift_Tests.debug.xcconfig */ = {isa = PBXFileReference; includeInIndex = 1; lastKnownFileType = text.xcconfig; name = "Pods-LASwift_Tests.debug.xcconfig"; path = "Pods/Target Support Files/Pods-LASwift_Tests/Pods-LASwift_Tests.debug.xcconfig"; sourceTree = "<group>"; };
		1C05CC535742F2351D533EF9 /* LASwift.podspec */ = {isa = PBXFileReference; includeInIndex = 1; lastKnownFileType = text; name = LASwift.podspec; path = ../LASwift.podspec; sourceTree = "<group>"; xcLanguageSpecificationIdentifier = xcode.lang.ruby; };
		1E0486DAC721E4465B68CF48 /* Pods-LASwift-Tests.debug.xcconfig */ = {isa = PBXFileReference; includeInIndex = 1; lastKnownFileType = text.xcconfig; name = "Pods-LASwift-Tests.debug.xcconfig"; path = "Pods/Target Support Files/Pods-LASwift-Tests/Pods-LASwift-Tests.debug.xcconfig"; sourceTree = "<group>"; };
		3611B5B021E96BD3004E0EF8 /* LASwift.framework */ = {isa = PBXFileReference; explicitFileType = wrapper.framework; includeInIndex = 0; path = LASwift.framework; sourceTree = BUILT_PRODUCTS_DIR; };
		3611B5BA21E96CD1004E0EF8 /* Random.swift */ = {isa = PBXFileReference; fileEncoding = 4; lastKnownFileType = sourcecode.swift; path = Random.swift; sourceTree = "<group>"; };
		3611B5BB21E96CD1004E0EF8 /* VectorStatistics.swift */ = {isa = PBXFileReference; fileEncoding = 4; lastKnownFileType = sourcecode.swift; path = VectorStatistics.swift; sourceTree = "<group>"; };
		3611B5BC21E96CD1004E0EF8 /* VectorArithmetic.swift */ = {isa = PBXFileReference; fileEncoding = 4; lastKnownFileType = sourcecode.swift; path = VectorArithmetic.swift; sourceTree = "<group>"; };
		3611B5BD21E96CD1004E0EF8 /* MatrixTrigonometry.swift */ = {isa = PBXFileReference; fileEncoding = 4; lastKnownFileType = sourcecode.swift; path = MatrixTrigonometry.swift; sourceTree = "<group>"; };
		3611B5BE21E96CD1004E0EF8 /* MatrixStatistics.swift */ = {isa = PBXFileReference; fileEncoding = 4; lastKnownFileType = sourcecode.swift; path = MatrixStatistics.swift; sourceTree = "<group>"; };
		3611B5BF21E96CD1004E0EF8 /* VectorExponent.swift */ = {isa = PBXFileReference; fileEncoding = 4; lastKnownFileType = sourcecode.swift; path = VectorExponent.swift; sourceTree = "<group>"; };
		3611B5C021E96CD1004E0EF8 /* MatrixExponent.swift */ = {isa = PBXFileReference; fileEncoding = 4; lastKnownFileType = sourcecode.swift; path = MatrixExponent.swift; sourceTree = "<group>"; };
		3611B5C121E96CD1004E0EF8 /* MatrixArithmetic.swift */ = {isa = PBXFileReference; fileEncoding = 4; lastKnownFileType = sourcecode.swift; path = MatrixArithmetic.swift; sourceTree = "<group>"; };
		3611B5C221E96CD1004E0EF8 /* Operators.swift */ = {isa = PBXFileReference; fileEncoding = 4; lastKnownFileType = sourcecode.swift; path = Operators.swift; sourceTree = "<group>"; };
		3611B5C321E96CD1004E0EF8 /* Vector.swift */ = {isa = PBXFileReference; fileEncoding = 4; lastKnownFileType = sourcecode.swift; path = Vector.swift; sourceTree = "<group>"; };
		3611B5C421E96CD1004E0EF8 /* Util.swift */ = {isa = PBXFileReference; fileEncoding = 4; lastKnownFileType = sourcecode.swift; path = Util.swift; sourceTree = "<group>"; };
		3611B5C521E96CD1004E0EF8 /* Matrix.swift */ = {isa = PBXFileReference; fileEncoding = 4; lastKnownFileType = sourcecode.swift; path = Matrix.swift; sourceTree = "<group>"; };
		3611B5C621E96CD1004E0EF8 /* Numeric.swift */ = {isa = PBXFileReference; fileEncoding = 4; lastKnownFileType = sourcecode.swift; path = Numeric.swift; sourceTree = "<group>"; };
		3611B5C721E96CD1004E0EF8 /* VectorTrigonometry.swift */ = {isa = PBXFileReference; fileEncoding = 4; lastKnownFileType = sourcecode.swift; path = VectorTrigonometry.swift; sourceTree = "<group>"; };
		3611B5C821E96CD1004E0EF8 /* MatrixAlgebra.swift */ = {isa = PBXFileReference; fileEncoding = 4; lastKnownFileType = sourcecode.swift; path = MatrixAlgebra.swift; sourceTree = "<group>"; };
		3611B5D821E96CE5004E0EF8 /* Accelerate.framework */ = {isa = PBXFileReference; lastKnownFileType = wrapper.framework; name = Accelerate.framework; path = System/Library/Frameworks/Accelerate.framework; sourceTree = SDKROOT; };
		3611B64221E96E08004E0EF8 /* Accelerate.framework */ = {isa = PBXFileReference; lastKnownFileType = wrapper.framework; name = Accelerate.framework; path = Platforms/MacOSX.platform/Developer/SDKs/MacOSX10.14.sdk/System/Library/Frameworks/Accelerate.framework; sourceTree = DEVELOPER_DIR; };
		3611B64921E96E1D004E0EF8 /* LASwift.framework */ = {isa = PBXFileReference; explicitFileType = wrapper.framework; includeInIndex = 0; path = LASwift.framework; sourceTree = BUILT_PRODUCTS_DIR; };
		3611B65621E96E47004E0EF8 /* LASwift.framework */ = {isa = PBXFileReference; explicitFileType = wrapper.framework; includeInIndex = 0; path = LASwift.framework; sourceTree = BUILT_PRODUCTS_DIR; };
		3611B67C21E96ECF004E0EF8 /* Accelerate.framework */ = {isa = PBXFileReference; lastKnownFileType = wrapper.framework; name = Accelerate.framework; path = Platforms/AppleTVOS.platform/Developer/SDKs/AppleTVOS12.1.sdk/System/Library/Frameworks/Accelerate.framework; sourceTree = DEVELOPER_DIR; };
		3611B67E21E96ED8004E0EF8 /* Accelerate.framework */ = {isa = PBXFileReference; lastKnownFileType = wrapper.framework; name = Accelerate.framework; path = Platforms/WatchOS.platform/Developer/SDKs/WatchOS5.1.sdk/System/Library/Frameworks/Accelerate.framework; sourceTree = DEVELOPER_DIR; };
		3611B68521E96F46004E0EF8 /* LASwift.framework */ = {isa = PBXFileReference; explicitFileType = wrapper.framework; includeInIndex = 0; path = LASwift.framework; sourceTree = BUILT_PRODUCTS_DIR; };
		36EF117721E9703700B11E01 /* Foundation.framework */ = {isa = PBXFileReference; lastKnownFileType = wrapper.framework; name = Foundation.framework; path = System/Library/Frameworks/Foundation.framework; sourceTree = SDKROOT; };
		36EF117921E9703F00B11E01 /* Foundation.framework */ = {isa = PBXFileReference; lastKnownFileType = wrapper.framework; name = Foundation.framework; path = Platforms/AppleTVOS.platform/Developer/SDKs/AppleTVOS12.1.sdk/System/Library/Frameworks/Foundation.framework; sourceTree = DEVELOPER_DIR; };
		36EF117B21E9704600B11E01 /* Foundation.framework */ = {isa = PBXFileReference; lastKnownFileType = wrapper.framework; name = Foundation.framework; path = Platforms/WatchOS.platform/Developer/SDKs/WatchOS5.1.sdk/System/Library/Frameworks/Foundation.framework; sourceTree = DEVELOPER_DIR; };
		36EF117E21E9705600B11E01 /* Foundation.framework */ = {isa = PBXFileReference; lastKnownFileType = wrapper.framework; name = Foundation.framework; path = Platforms/MacOSX.platform/Developer/SDKs/MacOSX10.14.sdk/System/Library/Frameworks/Foundation.framework; sourceTree = DEVELOPER_DIR; };
		3DE47813017AD6FCE558FFA6 /* Pods-LASwift_Tests.release.xcconfig */ = {isa = PBXFileReference; includeInIndex = 1; lastKnownFileType = text.xcconfig; name = "Pods-LASwift_Tests.release.xcconfig"; path = "Pods/Target Support Files/Pods-LASwift_Tests/Pods-LASwift_Tests.release.xcconfig"; sourceTree = "<group>"; };
		3ED83793FC8493634255E29D /* Pods-LASwift-Tests.release.xcconfig */ = {isa = PBXFileReference; includeInIndex = 1; lastKnownFileType = text.xcconfig; name = "Pods-LASwift-Tests.release.xcconfig"; path = "Pods/Target Support Files/Pods-LASwift-Tests/Pods-LASwift-Tests.release.xcconfig"; sourceTree = "<group>"; };
		49E04D6738A29ED00A388393 /* Pods-LASwift-tvOS.debug.xcconfig */ = {isa = PBXFileReference; includeInIndex = 1; lastKnownFileType = text.xcconfig; name = "Pods-LASwift-tvOS.debug.xcconfig"; path = "Pods/Target Support Files/Pods-LASwift-tvOS/Pods-LASwift-tvOS.debug.xcconfig"; sourceTree = "<group>"; };
		607FACE51AFB9204008FA782 /* LASwift-Tests.xctest */ = {isa = PBXFileReference; explicitFileType = wrapper.cfbundle; includeInIndex = 0; path = "LASwift-Tests.xctest"; sourceTree = BUILT_PRODUCTS_DIR; };
		607FACEA1AFB9204008FA782 /* Info.plist */ = {isa = PBXFileReference; lastKnownFileType = text.plist.xml; path = Info.plist; sourceTree = "<group>"; };
		6257553D7700889886E99285 /* README.md */ = {isa = PBXFileReference; includeInIndex = 1; lastKnownFileType = net.daringfireball.markdown; name = README.md; path = ../README.md; sourceTree = "<group>"; };
		6D15D806270D98DDCB0FB8F4 /* Pods-LASwift-watchOS.release.xcconfig */ = {isa = PBXFileReference; includeInIndex = 1; lastKnownFileType = text.xcconfig; name = "Pods-LASwift-watchOS.release.xcconfig"; path = "Pods/Target Support Files/Pods-LASwift-watchOS/Pods-LASwift-watchOS.release.xcconfig"; sourceTree = "<group>"; };
		7AA417EDFA0CA2E0992CCB12 /* Pods_LASwift_iOS.framework */ = {isa = PBXFileReference; explicitFileType = wrapper.framework; includeInIndex = 0; path = Pods_LASwift_iOS.framework; sourceTree = BUILT_PRODUCTS_DIR; };
		87C7C07F6C2C3A1C56A4F776 /* Pods_LASwift_tvOS.framework */ = {isa = PBXFileReference; explicitFileType = wrapper.framework; includeInIndex = 0; path = Pods_LASwift_tvOS.framework; sourceTree = BUILT_PRODUCTS_DIR; };
		8982C2AF1B7A836D1583B9D4 /* LICENSE */ = {isa = PBXFileReference; includeInIndex = 1; lastKnownFileType = text; name = LICENSE; path = ../LICENSE; sourceTree = "<group>"; };
		8BC160932517B84C00E240A3 /* MatrixLeastSquare.swift */ = {isa = PBXFileReference; fileEncoding = 4; lastKnownFileType = sourcecode.swift; path = MatrixLeastSquare.swift; sourceTree = "<group>"; };
		8C2FD693A9DA150F043CE3C2 /* Pods-LASwift-macOS.release.xcconfig */ = {isa = PBXFileReference; includeInIndex = 1; lastKnownFileType = text.xcconfig; name = "Pods-LASwift-macOS.release.xcconfig"; path = "Pods/Target Support Files/Pods-LASwift-macOS/Pods-LASwift-macOS.release.xcconfig"; sourceTree = "<group>"; };
		AA60353EB7DC503309D0D1CB /* Pods-LASwift-tvOS.release.xcconfig */ = {isa = PBXFileReference; includeInIndex = 1; lastKnownFileType = text.xcconfig; name = "Pods-LASwift-tvOS.release.xcconfig"; path = "Pods/Target Support Files/Pods-LASwift-tvOS/Pods-LASwift-tvOS.release.xcconfig"; sourceTree = "<group>"; };
		D3EF3DBBB6EE48D4BEE9D991 /* Pods_LASwift_watchOS.framework */ = {isa = PBXFileReference; explicitFileType = wrapper.framework; includeInIndex = 0; path = Pods_LASwift_watchOS.framework; sourceTree = BUILT_PRODUCTS_DIR; };
		D6E171B93F492125827A097F /* Pods-LASwift-iOS.release.xcconfig */ = {isa = PBXFileReference; includeInIndex = 1; lastKnownFileType = text.xcconfig; name = "Pods-LASwift-iOS.release.xcconfig"; path = "Pods/Target Support Files/Pods-LASwift-iOS/Pods-LASwift-iOS.release.xcconfig"; sourceTree = "<group>"; };
		D73221DE1DD93737086D2485 /* Pods-LASwift-macOS.debug.xcconfig */ = {isa = PBXFileReference; includeInIndex = 1; lastKnownFileType = text.xcconfig; name = "Pods-LASwift-macOS.debug.xcconfig"; path = "Pods/Target Support Files/Pods-LASwift-macOS/Pods-LASwift-macOS.debug.xcconfig"; sourceTree = "<group>"; };
		DB0CB7F64E7C2DDAFC7D43C4 /* Pods_LASwift_Tests.framework */ = {isa = PBXFileReference; explicitFileType = wrapper.framework; includeInIndex = 0; path = Pods_LASwift_Tests.framework; sourceTree = BUILT_PRODUCTS_DIR; };
		DDDF3121628E3379F1F31373 /* Pods-LASwift-watchOS.debug.xcconfig */ = {isa = PBXFileReference; includeInIndex = 1; lastKnownFileType = text.xcconfig; name = "Pods-LASwift-watchOS.debug.xcconfig"; path = "Pods/Target Support Files/Pods-LASwift-watchOS/Pods-LASwift-watchOS.debug.xcconfig"; sourceTree = "<group>"; };
		EC0674FFF44A1713951E0F93 /* Pods_LASwift_macOS.framework */ = {isa = PBXFileReference; explicitFileType = wrapper.framework; includeInIndex = 0; path = Pods_LASwift_macOS.framework; sourceTree = BUILT_PRODUCTS_DIR; };
		EE763846861F5AA02103B434 /* Pods-LASwift-iOS.debug.xcconfig */ = {isa = PBXFileReference; includeInIndex = 1; lastKnownFileType = text.xcconfig; name = "Pods-LASwift-iOS.debug.xcconfig"; path = "Pods/Target Support Files/Pods-LASwift-iOS/Pods-LASwift-iOS.debug.xcconfig"; sourceTree = "<group>"; };
		FA4AC4071E5E3EF000D5F51F /* VectorTests.swift */ = {isa = PBXFileReference; fileEncoding = 4; lastKnownFileType = sourcecode.swift; path = VectorTests.swift; sourceTree = "<group>"; };
		FA4AC40D1E6614EC00D5F51F /* MatrixTests.swift */ = {isa = PBXFileReference; fileEncoding = 4; lastKnownFileType = sourcecode.swift; path = MatrixTests.swift; sourceTree = "<group>"; };
		FAD2257D1E7925C40012219D /* PerformanceTests.swift */ = {isa = PBXFileReference; fileEncoding = 4; lastKnownFileType = sourcecode.swift; path = PerformanceTests.swift; sourceTree = "<group>"; };
		FB1CD5EC2258D0450073C207 /* LASwift.framework */ = {isa = PBXFileReference; explicitFileType = wrapper.framework; path = LASwift.framework; sourceTree = BUILT_PRODUCTS_DIR; };
		FB1CD5EF2258D0710073C207 /* LASwift.framework */ = {isa = PBXFileReference; explicitFileType = wrapper.framework; path = LASwift.framework; sourceTree = BUILT_PRODUCTS_DIR; };
		FB1CD5F12258D07B0073C207 /* LASwift.framework */ = {isa = PBXFileReference; explicitFileType = wrapper.framework; path = LASwift.framework; sourceTree = BUILT_PRODUCTS_DIR; };
		FB1CD5F32258D0850073C207 /* LASwift.framework */ = {isa = PBXFileReference; explicitFileType = wrapper.framework; path = LASwift.framework; sourceTree = BUILT_PRODUCTS_DIR; };
		FB1CD5F52258D0BE0073C207 /* LASwift.framework */ = {isa = PBXFileReference; explicitFileType = wrapper.framework; path = LASwift.framework; sourceTree = BUILT_PRODUCTS_DIR; };
		FB1CD5F72258D0C30073C207 /* Pods_LASwift_macOS.framework */ = {isa = PBXFileReference; explicitFileType = wrapper.framework; path = Pods_LASwift_macOS.framework; sourceTree = BUILT_PRODUCTS_DIR; };
		FB1CD5F92258D0D30073C207 /* LASwift.framework */ = {isa = PBXFileReference; explicitFileType = wrapper.framework; path = LASwift.framework; sourceTree = BUILT_PRODUCTS_DIR; };
		FB1CD5FB2258D0DF0073C207 /* Pods_LASwift_Tests.framework */ = {isa = PBXFileReference; explicitFileType = wrapper.framework; path = Pods_LASwift_Tests.framework; sourceTree = BUILT_PRODUCTS_DIR; };
		FB1CD5FD2258D0E90073C207 /* Pods_LASwift_iOS.framework */ = {isa = PBXFileReference; explicitFileType = wrapper.framework; path = Pods_LASwift_iOS.framework; sourceTree = BUILT_PRODUCTS_DIR; };
		FB1CD6002258D48E0073C207 /* Pods_LASwift_macOS.framework */ = {isa = PBXFileReference; explicitFileType = wrapper.framework; path = Pods_LASwift_macOS.framework; sourceTree = BUILT_PRODUCTS_DIR; };
		FB1CD6022258D4A90073C207 /* LASwift.framework */ = {isa = PBXFileReference; explicitFileType = wrapper.framework; path = LASwift.framework; sourceTree = BUILT_PRODUCTS_DIR; };
		FB1CD6042258D4EE0073C207 /* Pods_LASwift_Tests.framework */ = {isa = PBXFileReference; explicitFileType = wrapper.framework; path = Pods_LASwift_Tests.framework; sourceTree = BUILT_PRODUCTS_DIR; };
		FB1CD6062258D4F50073C207 /* Pods_LASwift_macOS.framework */ = {isa = PBXFileReference; explicitFileType = wrapper.framework; path = Pods_LASwift_macOS.framework; sourceTree = BUILT_PRODUCTS_DIR; };
/* End PBXFileReference section */

/* Begin PBXFrameworksBuildPhase section */
		3611B5AD21E96BD3004E0EF8 /* Frameworks */ = {
			isa = PBXFrameworksBuildPhase;
			buildActionMask = 2147483647;
			files = (
				FB1CD5FE2258D0E90073C207 /* Pods_LASwift_iOS.framework in Frameworks */,
				36EF117821E9703700B11E01 /* Foundation.framework in Frameworks */,
				3611B5D921E96CE5004E0EF8 /* Accelerate.framework in Frameworks */,
			);
			runOnlyForDeploymentPostprocessing = 0;
		};
		3611B64621E96E1D004E0EF8 /* Frameworks */ = {
			isa = PBXFrameworksBuildPhase;
			buildActionMask = 2147483647;
			files = (
				36EF117A21E9703F00B11E01 /* Foundation.framework in Frameworks */,
				3611B67D21E96ECF004E0EF8 /* Accelerate.framework in Frameworks */,
				006638F15A109C6E1B4B9D97 /* Pods_LASwift_tvOS.framework in Frameworks */,
			);
			runOnlyForDeploymentPostprocessing = 0;
		};
		3611B65321E96E47004E0EF8 /* Frameworks */ = {
			isa = PBXFrameworksBuildPhase;
			buildActionMask = 2147483647;
			files = (
				36EF117C21E9704600B11E01 /* Foundation.framework in Frameworks */,
				3611B67F21E96ED8004E0EF8 /* Accelerate.framework in Frameworks */,
				B1EC68B8EA0F226DEEFAE493 /* Pods_LASwift_watchOS.framework in Frameworks */,
			);
			runOnlyForDeploymentPostprocessing = 0;
		};
		3611B68221E96F46004E0EF8 /* Frameworks */ = {
			isa = PBXFrameworksBuildPhase;
			buildActionMask = 2147483647;
			files = (
				FB1CD6072258D4F50073C207 /* Pods_LASwift_macOS.framework in Frameworks */,
				36EF117F21E9705600B11E01 /* Foundation.framework in Frameworks */,
				36EF117D21E9704D00B11E01 /* Accelerate.framework in Frameworks */,
			);
			runOnlyForDeploymentPostprocessing = 0;
		};
		607FACE21AFB9204008FA782 /* Frameworks */ = {
			isa = PBXFrameworksBuildPhase;
			buildActionMask = 2147483647;
			files = (
				FB1CD6082258D5150073C207 /* LASwift.framework in Frameworks */,
				FB1CD5FC2258D0DF0073C207 /* Pods_LASwift_Tests.framework in Frameworks */,
				0787F5C39569F17391B19D50 /* Pods_LASwift_Tests.framework in Frameworks */,
			);
			runOnlyForDeploymentPostprocessing = 0;
		};
/* End PBXFrameworksBuildPhase section */

/* Begin PBXGroup section */
		1F79E4AE883929A718FFF8B1 /* Pods */ = {
			isa = PBXGroup;
			children = (
				1704107214A5332AD1B6A5CA /* Pods-LASwift_Tests.debug.xcconfig */,
				3DE47813017AD6FCE558FFA6 /* Pods-LASwift_Tests.release.xcconfig */,
				1E0486DAC721E4465B68CF48 /* Pods-LASwift-Tests.debug.xcconfig */,
				3ED83793FC8493634255E29D /* Pods-LASwift-Tests.release.xcconfig */,
				EE763846861F5AA02103B434 /* Pods-LASwift-iOS.debug.xcconfig */,
				D6E171B93F492125827A097F /* Pods-LASwift-iOS.release.xcconfig */,
				D73221DE1DD93737086D2485 /* Pods-LASwift-macOS.debug.xcconfig */,
				8C2FD693A9DA150F043CE3C2 /* Pods-LASwift-macOS.release.xcconfig */,
				49E04D6738A29ED00A388393 /* Pods-LASwift-tvOS.debug.xcconfig */,
				AA60353EB7DC503309D0D1CB /* Pods-LASwift-tvOS.release.xcconfig */,
				DDDF3121628E3379F1F31373 /* Pods-LASwift-watchOS.debug.xcconfig */,
				6D15D806270D98DDCB0FB8F4 /* Pods-LASwift-watchOS.release.xcconfig */,
			);
			name = Pods;
			sourceTree = "<group>";
		};
		3611B5B921E96CD1004E0EF8 /* Sources */ = {
			isa = PBXGroup;
			children = (
				8BC160932517B84C00E240A3 /* MatrixLeastSquare.swift */,
				3611B5BA21E96CD1004E0EF8 /* Random.swift */,
				3611B5BB21E96CD1004E0EF8 /* VectorStatistics.swift */,
				3611B5BC21E96CD1004E0EF8 /* VectorArithmetic.swift */,
				3611B5BD21E96CD1004E0EF8 /* MatrixTrigonometry.swift */,
				3611B5BE21E96CD1004E0EF8 /* MatrixStatistics.swift */,
				3611B5BF21E96CD1004E0EF8 /* VectorExponent.swift */,
				3611B5C021E96CD1004E0EF8 /* MatrixExponent.swift */,
				3611B5C121E96CD1004E0EF8 /* MatrixArithmetic.swift */,
				3611B5C221E96CD1004E0EF8 /* Operators.swift */,
				3611B5C321E96CD1004E0EF8 /* Vector.swift */,
				3611B5C421E96CD1004E0EF8 /* Util.swift */,
				3611B5C521E96CD1004E0EF8 /* Matrix.swift */,
				3611B5C621E96CD1004E0EF8 /* Numeric.swift */,
				3611B5C721E96CD1004E0EF8 /* VectorTrigonometry.swift */,
				3611B5C821E96CD1004E0EF8 /* MatrixAlgebra.swift */,
			);
			name = Sources;
			path = ../Sources;
			sourceTree = "<group>";
		};
		607FACC71AFB9204008FA782 = {
			isa = PBXGroup;
			children = (
				3611B5B921E96CD1004E0EF8 /* Sources */,
				607FACF51AFB993E008FA782 /* Podspec Metadata */,
				607FACE81AFB9204008FA782 /* Tests */,
				607FACD11AFB9204008FA782 /* Products */,
				1F79E4AE883929A718FFF8B1 /* Pods */,
				BFAD3E9406358B3FFE7AFC15 /* Frameworks */,
			);
			sourceTree = "<group>";
		};
		607FACD11AFB9204008FA782 /* Products */ = {
			isa = PBXGroup;
			children = (
				607FACE51AFB9204008FA782 /* LASwift-Tests.xctest */,
				3611B5B021E96BD3004E0EF8 /* LASwift.framework */,
				3611B64921E96E1D004E0EF8 /* LASwift.framework */,
				3611B65621E96E47004E0EF8 /* LASwift.framework */,
				3611B68521E96F46004E0EF8 /* LASwift.framework */,
			);
			name = Products;
			sourceTree = "<group>";
		};
		607FACE81AFB9204008FA782 /* Tests */ = {
			isa = PBXGroup;
			children = (
				FA4AC4071E5E3EF000D5F51F /* VectorTests.swift */,
				FA4AC40D1E6614EC00D5F51F /* MatrixTests.swift */,
				607FACE91AFB9204008FA782 /* Supporting Files */,
				FAD2257D1E7925C40012219D /* PerformanceTests.swift */,
			);
			path = Tests;
			sourceTree = "<group>";
		};
		607FACE91AFB9204008FA782 /* Supporting Files */ = {
			isa = PBXGroup;
			children = (
				607FACEA1AFB9204008FA782 /* Info.plist */,
			);
			name = "Supporting Files";
			sourceTree = "<group>";
		};
		607FACF51AFB993E008FA782 /* Podspec Metadata */ = {
			isa = PBXGroup;
			children = (
				1C05CC535742F2351D533EF9 /* LASwift.podspec */,
				6257553D7700889886E99285 /* README.md */,
				8982C2AF1B7A836D1583B9D4 /* LICENSE */,
			);
			name = "Podspec Metadata";
			sourceTree = "<group>";
		};
		BFAD3E9406358B3FFE7AFC15 /* Frameworks */ = {
			isa = PBXGroup;
			children = (
				FB1CD6062258D4F50073C207 /* Pods_LASwift_macOS.framework */,
				FB1CD6042258D4EE0073C207 /* Pods_LASwift_Tests.framework */,
				FB1CD6022258D4A90073C207 /* LASwift.framework */,
				FB1CD6002258D48E0073C207 /* Pods_LASwift_macOS.framework */,
				FB1CD5FD2258D0E90073C207 /* Pods_LASwift_iOS.framework */,
				FB1CD5FB2258D0DF0073C207 /* Pods_LASwift_Tests.framework */,
				FB1CD5F92258D0D30073C207 /* LASwift.framework */,
				FB1CD5F72258D0C30073C207 /* Pods_LASwift_macOS.framework */,
				FB1CD5F52258D0BE0073C207 /* LASwift.framework */,
				FB1CD5F32258D0850073C207 /* LASwift.framework */,
				FB1CD5F12258D07B0073C207 /* LASwift.framework */,
				FB1CD5EF2258D0710073C207 /* LASwift.framework */,
				FB1CD5EC2258D0450073C207 /* LASwift.framework */,
				36EF117721E9703700B11E01 /* Foundation.framework */,
				36EF117921E9703F00B11E01 /* Foundation.framework */,
				36EF117B21E9704600B11E01 /* Foundation.framework */,
				36EF117E21E9705600B11E01 /* Foundation.framework */,
				3611B5D821E96CE5004E0EF8 /* Accelerate.framework */,
				3611B64221E96E08004E0EF8 /* Accelerate.framework */,
				3611B67C21E96ECF004E0EF8 /* Accelerate.framework */,
				3611B67E21E96ED8004E0EF8 /* Accelerate.framework */,
				DB0CB7F64E7C2DDAFC7D43C4 /* Pods_LASwift_Tests.framework */,
				7AA417EDFA0CA2E0992CCB12 /* Pods_LASwift_iOS.framework */,
				EC0674FFF44A1713951E0F93 /* Pods_LASwift_macOS.framework */,
				87C7C07F6C2C3A1C56A4F776 /* Pods_LASwift_tvOS.framework */,
				D3EF3DBBB6EE48D4BEE9D991 /* Pods_LASwift_watchOS.framework */,
			);
			name = Frameworks;
			sourceTree = "<group>";
		};
/* End PBXGroup section */

/* Begin PBXHeadersBuildPhase section */
		3611B5AB21E96BD3004E0EF8 /* Headers */ = {
			isa = PBXHeadersBuildPhase;
			buildActionMask = 2147483647;
			files = (
			);
			runOnlyForDeploymentPostprocessing = 0;
		};
		3611B64421E96E1D004E0EF8 /* Headers */ = {
			isa = PBXHeadersBuildPhase;
			buildActionMask = 2147483647;
			files = (
			);
			runOnlyForDeploymentPostprocessing = 0;
		};
		3611B65121E96E47004E0EF8 /* Headers */ = {
			isa = PBXHeadersBuildPhase;
			buildActionMask = 2147483647;
			files = (
			);
			runOnlyForDeploymentPostprocessing = 0;
		};
		3611B68021E96F46004E0EF8 /* Headers */ = {
			isa = PBXHeadersBuildPhase;
			buildActionMask = 2147483647;
			files = (
			);
			runOnlyForDeploymentPostprocessing = 0;
		};
/* End PBXHeadersBuildPhase section */

/* Begin PBXNativeTarget section */
		3611B5AF21E96BD3004E0EF8 /* LASwift-iOS */ = {
			isa = PBXNativeTarget;
			buildConfigurationList = 3611B5B521E96BD3004E0EF8 /* Build configuration list for PBXNativeTarget "LASwift-iOS" */;
			buildPhases = (
				F307C5BF27D94AC1BD201D66 /* [CP] Check Pods Manifest.lock */,
				3611B5AB21E96BD3004E0EF8 /* Headers */,
				3611B5AC21E96BD3004E0EF8 /* Sources */,
				3611B5AD21E96BD3004E0EF8 /* Frameworks */,
				3611B5AE21E96BD3004E0EF8 /* Resources */,
			);
			buildRules = (
			);
			dependencies = (
			);
			name = "LASwift-iOS";
			productName = "LASwift-iOS";
			productReference = 3611B5B021E96BD3004E0EF8 /* LASwift.framework */;
			productType = "com.apple.product-type.framework";
		};
		3611B64821E96E1D004E0EF8 /* LASwift-tvOS */ = {
			isa = PBXNativeTarget;
			buildConfigurationList = 3611B64E21E96E1D004E0EF8 /* Build configuration list for PBXNativeTarget "LASwift-tvOS" */;
			buildPhases = (
				0637430DB5C6C9C5BF47605B /* [CP] Check Pods Manifest.lock */,
				3611B64421E96E1D004E0EF8 /* Headers */,
				3611B64521E96E1D004E0EF8 /* Sources */,
				3611B64621E96E1D004E0EF8 /* Frameworks */,
				3611B64721E96E1D004E0EF8 /* Resources */,
			);
			buildRules = (
			);
			dependencies = (
			);
			name = "LASwift-tvOS";
			productName = "LASwift-tvOS";
			productReference = 3611B64921E96E1D004E0EF8 /* LASwift.framework */;
			productType = "com.apple.product-type.framework";
		};
		3611B65521E96E47004E0EF8 /* LASwift-watchOS */ = {
			isa = PBXNativeTarget;
			buildConfigurationList = 3611B65B21E96E47004E0EF8 /* Build configuration list for PBXNativeTarget "LASwift-watchOS" */;
			buildPhases = (
				8734904D8DFA9F10A02BCE77 /* [CP] Check Pods Manifest.lock */,
				3611B65121E96E47004E0EF8 /* Headers */,
				3611B65221E96E47004E0EF8 /* Sources */,
				3611B65321E96E47004E0EF8 /* Frameworks */,
				3611B65421E96E47004E0EF8 /* Resources */,
			);
			buildRules = (
			);
			dependencies = (
			);
			name = "LASwift-watchOS";
			productName = "LASwift-watchOS";
			productReference = 3611B65621E96E47004E0EF8 /* LASwift.framework */;
			productType = "com.apple.product-type.framework";
		};
		3611B68421E96F46004E0EF8 /* LASwift-macOS */ = {
			isa = PBXNativeTarget;
			buildConfigurationList = 3611B68A21E96F46004E0EF8 /* Build configuration list for PBXNativeTarget "LASwift-macOS" */;
			buildPhases = (
				80A09343D4E820B9863664DB /* [CP] Check Pods Manifest.lock */,
				3611B68021E96F46004E0EF8 /* Headers */,
				3611B68121E96F46004E0EF8 /* Sources */,
				3611B68221E96F46004E0EF8 /* Frameworks */,
				3611B68321E96F46004E0EF8 /* Resources */,
			);
			buildRules = (
			);
			dependencies = (
			);
			name = "LASwift-macOS";
			productName = "LASwift-macOS";
			productReference = 3611B68521E96F46004E0EF8 /* LASwift.framework */;
			productType = "com.apple.product-type.framework";
		};
		607FACE41AFB9204008FA782 /* LASwift-Tests */ = {
			isa = PBXNativeTarget;
			buildConfigurationList = 607FACF21AFB9204008FA782 /* Build configuration list for PBXNativeTarget "LASwift-Tests" */;
			buildPhases = (
				D7587C0C53CB2871B2A7E88F /* [CP] Check Pods Manifest.lock */,
				607FACE11AFB9204008FA782 /* Sources */,
				607FACE21AFB9204008FA782 /* Frameworks */,
				607FACE31AFB9204008FA782 /* Resources */,
				079E412AE2B99DD7DE240951 /* [CP] Embed Pods Frameworks */,
			);
			buildRules = (
			);
			dependencies = (
			);
			name = "LASwift-Tests";
			productName = Tests;
			productReference = 607FACE51AFB9204008FA782 /* LASwift-Tests.xctest */;
			productType = "com.apple.product-type.bundle.unit-test";
		};
/* End PBXNativeTarget section */

/* Begin PBXProject section */
		607FACC81AFB9204008FA782 /* Project object */ = {
			isa = PBXProject;
			attributes = {
				LastSwiftUpdateCheck = 0720;
				LastUpgradeCheck = 0920;
				ORGANIZATIONNAME = CocoaPods;
				TargetAttributes = {
					3611B5AF21E96BD3004E0EF8 = {
						CreatedOnToolsVersion = 10.1;
						ProvisioningStyle = Automatic;
					};
					3611B64821E96E1D004E0EF8 = {
						CreatedOnToolsVersion = 10.1;
						ProvisioningStyle = Automatic;
					};
					3611B65521E96E47004E0EF8 = {
						CreatedOnToolsVersion = 10.1;
						ProvisioningStyle = Automatic;
					};
					3611B68421E96F46004E0EF8 = {
						CreatedOnToolsVersion = 10.1;
						ProvisioningStyle = Automatic;
					};
					607FACE41AFB9204008FA782 = {
						CreatedOnToolsVersion = 6.3.1;
						LastSwiftMigration = 0920;
						TestTargetID = 607FACCF1AFB9204008FA782;
					};
				};
			};
			buildConfigurationList = 607FACCB1AFB9204008FA782 /* Build configuration list for PBXProject "LASwift" */;
			compatibilityVersion = "Xcode 3.2";
			developmentRegion = English;
			hasScannedForEncodings = 0;
			knownRegions = (
				English,
				en,
				Base,
			);
			mainGroup = 607FACC71AFB9204008FA782;
			productRefGroup = 607FACD11AFB9204008FA782 /* Products */;
			projectDirPath = "";
			projectRoot = "";
			targets = (
				607FACE41AFB9204008FA782 /* LASwift-Tests */,
				3611B5AF21E96BD3004E0EF8 /* LASwift-iOS */,
				3611B64821E96E1D004E0EF8 /* LASwift-tvOS */,
				3611B65521E96E47004E0EF8 /* LASwift-watchOS */,
				3611B68421E96F46004E0EF8 /* LASwift-macOS */,
			);
		};
/* End PBXProject section */

/* Begin PBXResourcesBuildPhase section */
		3611B5AE21E96BD3004E0EF8 /* Resources */ = {
			isa = PBXResourcesBuildPhase;
			buildActionMask = 2147483647;
			files = (
			);
			runOnlyForDeploymentPostprocessing = 0;
		};
		3611B64721E96E1D004E0EF8 /* Resources */ = {
			isa = PBXResourcesBuildPhase;
			buildActionMask = 2147483647;
			files = (
			);
			runOnlyForDeploymentPostprocessing = 0;
		};
		3611B65421E96E47004E0EF8 /* Resources */ = {
			isa = PBXResourcesBuildPhase;
			buildActionMask = 2147483647;
			files = (
			);
			runOnlyForDeploymentPostprocessing = 0;
		};
		3611B68321E96F46004E0EF8 /* Resources */ = {
			isa = PBXResourcesBuildPhase;
			buildActionMask = 2147483647;
			files = (
			);
			runOnlyForDeploymentPostprocessing = 0;
		};
		607FACE31AFB9204008FA782 /* Resources */ = {
			isa = PBXResourcesBuildPhase;
			buildActionMask = 2147483647;
			files = (
			);
			runOnlyForDeploymentPostprocessing = 0;
		};
/* End PBXResourcesBuildPhase section */

/* Begin PBXShellScriptBuildPhase section */
		0637430DB5C6C9C5BF47605B /* [CP] Check Pods Manifest.lock */ = {
			isa = PBXShellScriptBuildPhase;
			buildActionMask = 2147483647;
			files = (
			);
			inputFileListPaths = (
			);
			inputPaths = (
				"${PODS_PODFILE_DIR_PATH}/Podfile.lock",
				"${PODS_ROOT}/Manifest.lock",
			);
			name = "[CP] Check Pods Manifest.lock";
			outputFileListPaths = (
			);
			outputPaths = (
				"$(DERIVED_FILE_DIR)/Pods-LASwift-tvOS-checkManifestLockResult.txt",
			);
			runOnlyForDeploymentPostprocessing = 0;
			shellPath = /bin/sh;
			shellScript = "diff \"${PODS_PODFILE_DIR_PATH}/Podfile.lock\" \"${PODS_ROOT}/Manifest.lock\" > /dev/null\nif [ $? != 0 ] ; then\n    # print error to STDERR\n    echo \"error: The sandbox is not in sync with the Podfile.lock. Run 'pod install' or update your CocoaPods installation.\" >&2\n    exit 1\nfi\n# This output is used by Xcode 'outputs' to avoid re-running this script phase.\necho \"SUCCESS\" > \"${SCRIPT_OUTPUT_FILE_0}\"\n";
			showEnvVarsInLog = 0;
		};
		079E412AE2B99DD7DE240951 /* [CP] Embed Pods Frameworks */ = {
			isa = PBXShellScriptBuildPhase;
			buildActionMask = 2147483647;
			files = (
			);
			inputPaths = (
				"${PODS_ROOT}/Target Support Files/Pods-LASwift-Tests/Pods-LASwift-Tests-frameworks.sh",
				"${BUILT_PRODUCTS_DIR}/LASwift-macOS/LASwift.framework",
				"${BUILT_PRODUCTS_DIR}/Nimble/Nimble.framework",
				"${BUILT_PRODUCTS_DIR}/Quick/Quick.framework",
			);
			name = "[CP] Embed Pods Frameworks";
			outputPaths = (
				"${TARGET_BUILD_DIR}/${FRAMEWORKS_FOLDER_PATH}/LASwift.framework",
				"${TARGET_BUILD_DIR}/${FRAMEWORKS_FOLDER_PATH}/Nimble.framework",
				"${TARGET_BUILD_DIR}/${FRAMEWORKS_FOLDER_PATH}/Quick.framework",
			);
			runOnlyForDeploymentPostprocessing = 0;
			shellPath = /bin/sh;
			shellScript = "\"${PODS_ROOT}/Target Support Files/Pods-LASwift-Tests/Pods-LASwift-Tests-frameworks.sh\"\n";
			showEnvVarsInLog = 0;
		};
		80A09343D4E820B9863664DB /* [CP] Check Pods Manifest.lock */ = {
			isa = PBXShellScriptBuildPhase;
			buildActionMask = 2147483647;
			files = (
			);
			inputFileListPaths = (
			);
			inputPaths = (
				"${PODS_PODFILE_DIR_PATH}/Podfile.lock",
				"${PODS_ROOT}/Manifest.lock",
			);
			name = "[CP] Check Pods Manifest.lock";
			outputFileListPaths = (
			);
			outputPaths = (
				"$(DERIVED_FILE_DIR)/Pods-LASwift-macOS-checkManifestLockResult.txt",
			);
			runOnlyForDeploymentPostprocessing = 0;
			shellPath = /bin/sh;
			shellScript = "diff \"${PODS_PODFILE_DIR_PATH}/Podfile.lock\" \"${PODS_ROOT}/Manifest.lock\" > /dev/null\nif [ $? != 0 ] ; then\n    # print error to STDERR\n    echo \"error: The sandbox is not in sync with the Podfile.lock. Run 'pod install' or update your CocoaPods installation.\" >&2\n    exit 1\nfi\n# This output is used by Xcode 'outputs' to avoid re-running this script phase.\necho \"SUCCESS\" > \"${SCRIPT_OUTPUT_FILE_0}\"\n";
			showEnvVarsInLog = 0;
		};
		8734904D8DFA9F10A02BCE77 /* [CP] Check Pods Manifest.lock */ = {
			isa = PBXShellScriptBuildPhase;
			buildActionMask = 2147483647;
			files = (
			);
			inputFileListPaths = (
			);
			inputPaths = (
				"${PODS_PODFILE_DIR_PATH}/Podfile.lock",
				"${PODS_ROOT}/Manifest.lock",
			);
			name = "[CP] Check Pods Manifest.lock";
			outputFileListPaths = (
			);
			outputPaths = (
				"$(DERIVED_FILE_DIR)/Pods-LASwift-watchOS-checkManifestLockResult.txt",
			);
			runOnlyForDeploymentPostprocessing = 0;
			shellPath = /bin/sh;
			shellScript = "diff \"${PODS_PODFILE_DIR_PATH}/Podfile.lock\" \"${PODS_ROOT}/Manifest.lock\" > /dev/null\nif [ $? != 0 ] ; then\n    # print error to STDERR\n    echo \"error: The sandbox is not in sync with the Podfile.lock. Run 'pod install' or update your CocoaPods installation.\" >&2\n    exit 1\nfi\n# This output is used by Xcode 'outputs' to avoid re-running this script phase.\necho \"SUCCESS\" > \"${SCRIPT_OUTPUT_FILE_0}\"\n";
			showEnvVarsInLog = 0;
		};
		D7587C0C53CB2871B2A7E88F /* [CP] Check Pods Manifest.lock */ = {
			isa = PBXShellScriptBuildPhase;
			buildActionMask = 2147483647;
			files = (
			);
			inputPaths = (
				"${PODS_PODFILE_DIR_PATH}/Podfile.lock",
				"${PODS_ROOT}/Manifest.lock",
			);
			name = "[CP] Check Pods Manifest.lock";
			outputPaths = (
				"$(DERIVED_FILE_DIR)/Pods-LASwift-Tests-checkManifestLockResult.txt",
			);
			runOnlyForDeploymentPostprocessing = 0;
			shellPath = /bin/sh;
			shellScript = "diff \"${PODS_PODFILE_DIR_PATH}/Podfile.lock\" \"${PODS_ROOT}/Manifest.lock\" > /dev/null\nif [ $? != 0 ] ; then\n    # print error to STDERR\n    echo \"error: The sandbox is not in sync with the Podfile.lock. Run 'pod install' or update your CocoaPods installation.\" >&2\n    exit 1\nfi\n# This output is used by Xcode 'outputs' to avoid re-running this script phase.\necho \"SUCCESS\" > \"${SCRIPT_OUTPUT_FILE_0}\"\n";
			showEnvVarsInLog = 0;
		};
		F307C5BF27D94AC1BD201D66 /* [CP] Check Pods Manifest.lock */ = {
			isa = PBXShellScriptBuildPhase;
			buildActionMask = 2147483647;
			files = (
			);
			inputFileListPaths = (
			);
			inputPaths = (
				"${PODS_PODFILE_DIR_PATH}/Podfile.lock",
				"${PODS_ROOT}/Manifest.lock",
			);
			name = "[CP] Check Pods Manifest.lock";
			outputFileListPaths = (
			);
			outputPaths = (
				"$(DERIVED_FILE_DIR)/Pods-LASwift-iOS-checkManifestLockResult.txt",
			);
			runOnlyForDeploymentPostprocessing = 0;
			shellPath = /bin/sh;
			shellScript = "diff \"${PODS_PODFILE_DIR_PATH}/Podfile.lock\" \"${PODS_ROOT}/Manifest.lock\" > /dev/null\nif [ $? != 0 ] ; then\n    # print error to STDERR\n    echo \"error: The sandbox is not in sync with the Podfile.lock. Run 'pod install' or update your CocoaPods installation.\" >&2\n    exit 1\nfi\n# This output is used by Xcode 'outputs' to avoid re-running this script phase.\necho \"SUCCESS\" > \"${SCRIPT_OUTPUT_FILE_0}\"\n";
			showEnvVarsInLog = 0;
		};
/* End PBXShellScriptBuildPhase section */

/* Begin PBXSourcesBuildPhase section */
		3611B5AC21E96BD3004E0EF8 /* Sources */ = {
			isa = PBXSourcesBuildPhase;
			buildActionMask = 2147483647;
			files = (
				FBE9377C25AF361400C16575 /* MatrixLeastSquare.swift in Sources */,
				3611B5D321E96CD1004E0EF8 /* Util.swift in Sources */,
				3611B5D021E96CD1004E0EF8 /* MatrixArithmetic.swift in Sources */,
				3611B5CB21E96CD1004E0EF8 /* VectorArithmetic.swift in Sources */,
				3611B5D621E96CD1004E0EF8 /* VectorTrigonometry.swift in Sources */,
				3611B5D221E96CD1004E0EF8 /* Vector.swift in Sources */,
				3611B5C921E96CD1004E0EF8 /* Random.swift in Sources */,
				3611B5D521E96CD1004E0EF8 /* Numeric.swift in Sources */,
				3611B5CA21E96CD1004E0EF8 /* VectorStatistics.swift in Sources */,
				3611B5CD21E96CD1004E0EF8 /* MatrixStatistics.swift in Sources */,
				3611B5D721E96CD1004E0EF8 /* MatrixAlgebra.swift in Sources */,
				3611B5CF21E96CD1004E0EF8 /* MatrixExponent.swift in Sources */,
				3611B5D421E96CD1004E0EF8 /* Matrix.swift in Sources */,
				3611B5CC21E96CD1004E0EF8 /* MatrixTrigonometry.swift in Sources */,
				3611B5CE21E96CD1004E0EF8 /* VectorExponent.swift in Sources */,
				3611B5D121E96CD1004E0EF8 /* Operators.swift in Sources */,
			);
			runOnlyForDeploymentPostprocessing = 0;
		};
		3611B64521E96E1D004E0EF8 /* Sources */ = {
			isa = PBXSourcesBuildPhase;
			buildActionMask = 2147483647;
			files = (
				FBE9378225AF361800C16575 /* MatrixLeastSquare.swift in Sources */,
				3611B66821E96EBA004E0EF8 /* Util.swift in Sources */,
				3611B66521E96EBA004E0EF8 /* MatrixArithmetic.swift in Sources */,
				3611B66021E96EBA004E0EF8 /* VectorArithmetic.swift in Sources */,
				3611B66B21E96EBA004E0EF8 /* VectorTrigonometry.swift in Sources */,
				3611B66721E96EBA004E0EF8 /* Vector.swift in Sources */,
				3611B65E21E96EBA004E0EF8 /* Random.swift in Sources */,
				3611B66A21E96EBA004E0EF8 /* Numeric.swift in Sources */,
				3611B65F21E96EBA004E0EF8 /* VectorStatistics.swift in Sources */,
				3611B66221E96EBA004E0EF8 /* MatrixStatistics.swift in Sources */,
				3611B66C21E96EBA004E0EF8 /* MatrixAlgebra.swift in Sources */,
				3611B66421E96EBA004E0EF8 /* MatrixExponent.swift in Sources */,
				3611B66921E96EBA004E0EF8 /* Matrix.swift in Sources */,
				3611B66121E96EBA004E0EF8 /* MatrixTrigonometry.swift in Sources */,
				3611B66321E96EBA004E0EF8 /* VectorExponent.swift in Sources */,
				3611B66621E96EBA004E0EF8 /* Operators.swift in Sources */,
			);
			runOnlyForDeploymentPostprocessing = 0;
		};
		3611B65221E96E47004E0EF8 /* Sources */ = {
			isa = PBXSourcesBuildPhase;
			buildActionMask = 2147483647;
			files = (
				FBE9378825AF361C00C16575 /* MatrixLeastSquare.swift in Sources */,
				3611B67721E96EBB004E0EF8 /* Util.swift in Sources */,
				3611B67421E96EBB004E0EF8 /* MatrixArithmetic.swift in Sources */,
				3611B66F21E96EBB004E0EF8 /* VectorArithmetic.swift in Sources */,
				3611B67A21E96EBB004E0EF8 /* VectorTrigonometry.swift in Sources */,
				3611B67621E96EBB004E0EF8 /* Vector.swift in Sources */,
				3611B66D21E96EBB004E0EF8 /* Random.swift in Sources */,
				3611B67921E96EBB004E0EF8 /* Numeric.swift in Sources */,
				3611B66E21E96EBB004E0EF8 /* VectorStatistics.swift in Sources */,
				3611B67121E96EBB004E0EF8 /* MatrixStatistics.swift in Sources */,
				3611B67B21E96EBB004E0EF8 /* MatrixAlgebra.swift in Sources */,
				3611B67321E96EBB004E0EF8 /* MatrixExponent.swift in Sources */,
				3611B67821E96EBB004E0EF8 /* Matrix.swift in Sources */,
				3611B67021E96EBB004E0EF8 /* MatrixTrigonometry.swift in Sources */,
				3611B67221E96EBB004E0EF8 /* VectorExponent.swift in Sources */,
				3611B67521E96EBB004E0EF8 /* Operators.swift in Sources */,
			);
			runOnlyForDeploymentPostprocessing = 0;
		};
		3611B68121E96F46004E0EF8 /* Sources */ = {
			isa = PBXSourcesBuildPhase;
			buildActionMask = 2147483647;
			files = (
				FBE9378E25AF362000C16575 /* MatrixLeastSquare.swift in Sources */,
				FB1CD6092258D5310073C207 /* Random.swift in Sources */,
				FB1CD60A2258D5310073C207 /* VectorStatistics.swift in Sources */,
				FB1CD60B2258D5310073C207 /* VectorArithmetic.swift in Sources */,
				FB1CD60C2258D5310073C207 /* MatrixTrigonometry.swift in Sources */,
				FB1CD60D2258D5310073C207 /* MatrixStatistics.swift in Sources */,
				FB1CD60E2258D5310073C207 /* VectorExponent.swift in Sources */,
				FB1CD60F2258D5310073C207 /* MatrixExponent.swift in Sources */,
				FB1CD6102258D5310073C207 /* MatrixArithmetic.swift in Sources */,
				FB1CD6112258D5310073C207 /* Operators.swift in Sources */,
				FB1CD6122258D5310073C207 /* Vector.swift in Sources */,
				FB1CD6132258D5310073C207 /* Util.swift in Sources */,
				FB1CD6142258D5310073C207 /* Matrix.swift in Sources */,
				FB1CD6152258D5310073C207 /* Numeric.swift in Sources */,
				FB1CD6162258D5310073C207 /* VectorTrigonometry.swift in Sources */,
				FB1CD6172258D5310073C207 /* MatrixAlgebra.swift in Sources */,
			);
			runOnlyForDeploymentPostprocessing = 0;
		};
		607FACE11AFB9204008FA782 /* Sources */ = {
			isa = PBXSourcesBuildPhase;
			buildActionMask = 2147483647;
			files = (
				FA4AC4081E5E3EF000D5F51F /* VectorTests.swift in Sources */,
				FA4AC40E1E6614EC00D5F51F /* MatrixTests.swift in Sources */,
				FAD2257E1E7925C40012219D /* PerformanceTests.swift in Sources */,
			);
			runOnlyForDeploymentPostprocessing = 0;
		};
/* End PBXSourcesBuildPhase section */

/* Begin XCBuildConfiguration section */
		3611B5B621E96BD3004E0EF8 /* Debug */ = {
			isa = XCBuildConfiguration;
			baseConfigurationReference = EE763846861F5AA02103B434 /* Pods-LASwift-iOS.debug.xcconfig */;
			buildSettings = {
				CLANG_ANALYZER_NONNULL = YES;
				CLANG_ANALYZER_NUMBER_OBJECT_CONVERSION = YES_AGGRESSIVE;
				CLANG_CXX_LANGUAGE_STANDARD = "gnu++14";
				CLANG_ENABLE_OBJC_WEAK = YES;
				CLANG_WARN_DEPRECATED_OBJC_IMPLEMENTATIONS = YES;
				CLANG_WARN_DOCUMENTATION_COMMENTS = YES;
				CLANG_WARN_OBJC_IMPLICIT_RETAIN_SELF = YES;
				CLANG_WARN_UNGUARDED_AVAILABILITY = YES_AGGRESSIVE;
				CODE_SIGN_IDENTITY = "iPhone Developer";
				CODE_SIGN_STYLE = Automatic;
				CURRENT_PROJECT_VERSION = 1;
				DEBUG_INFORMATION_FORMAT = dwarf;
				DEFINES_MODULE = YES;
				DYLIB_COMPATIBILITY_VERSION = 1;
				DYLIB_CURRENT_VERSION = 1;
				DYLIB_INSTALL_NAME_BASE = "@rpath";
				GCC_C_LANGUAGE_STANDARD = gnu11;
				GCC_GENERATE_TEST_COVERAGE_FILES = YES;
				INFOPLIST_FILE = "$(SRCROOT)/Tests/Info.plist";
				INSTALL_PATH = "$(LOCAL_LIBRARY_DIR)/Frameworks";
				IPHONEOS_DEPLOYMENT_TARGET = 8.0;
				LD_RUNPATH_SEARCH_PATHS = "$(inherited) @executable_path/Frameworks @loader_path/Frameworks";
				MTL_ENABLE_DEBUG_INFO = INCLUDE_SOURCE;
				MTL_FAST_MATH = YES;
				ONLY_ACTIVE_ARCH = YES;
				PRODUCT_BUNDLE_IDENTIFIER = org.cocoapods.LASwift;
				PRODUCT_NAME = LASwift;
				SKIP_INSTALL = YES;
				SWIFT_ACTIVE_COMPILATION_CONDITIONS = DEBUG;
				SWIFT_VERSION = 5.0;
				TARGETED_DEVICE_FAMILY = "1,2";
				VERSIONING_SYSTEM = "apple-generic";
				VERSION_INFO_PREFIX = "";
			};
			name = Debug;
		};
		3611B5B721E96BD3004E0EF8 /* Release */ = {
			isa = XCBuildConfiguration;
			baseConfigurationReference = D6E171B93F492125827A097F /* Pods-LASwift-iOS.release.xcconfig */;
			buildSettings = {
				CLANG_ANALYZER_NONNULL = YES;
				CLANG_ANALYZER_NUMBER_OBJECT_CONVERSION = YES_AGGRESSIVE;
				CLANG_CXX_LANGUAGE_STANDARD = "gnu++14";
				CLANG_ENABLE_OBJC_WEAK = YES;
				CLANG_WARN_DEPRECATED_OBJC_IMPLEMENTATIONS = YES;
				CLANG_WARN_DOCUMENTATION_COMMENTS = YES;
				CLANG_WARN_OBJC_IMPLICIT_RETAIN_SELF = YES;
				CLANG_WARN_UNGUARDED_AVAILABILITY = YES_AGGRESSIVE;
				CODE_SIGN_IDENTITY = "iPhone Developer";
				CODE_SIGN_STYLE = Automatic;
				CURRENT_PROJECT_VERSION = 1;
				DEFINES_MODULE = YES;
				DYLIB_COMPATIBILITY_VERSION = 1;
				DYLIB_CURRENT_VERSION = 1;
				DYLIB_INSTALL_NAME_BASE = "@rpath";
				GCC_C_LANGUAGE_STANDARD = gnu11;
				GCC_GENERATE_TEST_COVERAGE_FILES = YES;
				INFOPLIST_FILE = "$(SRCROOT)/Tests/Info.plist";
				INSTALL_PATH = "$(LOCAL_LIBRARY_DIR)/Frameworks";
				IPHONEOS_DEPLOYMENT_TARGET = 8.0;
				LD_RUNPATH_SEARCH_PATHS = "$(inherited) @executable_path/Frameworks @loader_path/Frameworks";
				MTL_FAST_MATH = YES;
				ONLY_ACTIVE_ARCH = NO;
				PRODUCT_BUNDLE_IDENTIFIER = org.cocoapods.LASwift;
				PRODUCT_NAME = LASwift;
				SKIP_INSTALL = YES;
				SWIFT_VERSION = 5.0;
				TARGETED_DEVICE_FAMILY = "1,2";
				VERSIONING_SYSTEM = "apple-generic";
				VERSION_INFO_PREFIX = "";
			};
			name = Release;
		};
		3611B64F21E96E1D004E0EF8 /* Debug */ = {
			isa = XCBuildConfiguration;
			baseConfigurationReference = 49E04D6738A29ED00A388393 /* Pods-LASwift-tvOS.debug.xcconfig */;
			buildSettings = {
				CLANG_ANALYZER_NONNULL = YES;
				CLANG_ANALYZER_NUMBER_OBJECT_CONVERSION = YES_AGGRESSIVE;
				CLANG_CXX_LANGUAGE_STANDARD = "gnu++14";
				CLANG_ENABLE_OBJC_WEAK = YES;
				CLANG_WARN_DEPRECATED_OBJC_IMPLEMENTATIONS = YES;
				CLANG_WARN_DOCUMENTATION_COMMENTS = YES;
				CLANG_WARN_OBJC_IMPLICIT_RETAIN_SELF = YES;
				CLANG_WARN_UNGUARDED_AVAILABILITY = YES_AGGRESSIVE;
				CODE_SIGN_IDENTITY = "";
				CODE_SIGN_STYLE = Automatic;
				CURRENT_PROJECT_VERSION = 1;
				DEBUG_INFORMATION_FORMAT = dwarf;
				DEFINES_MODULE = YES;
				DYLIB_COMPATIBILITY_VERSION = 1;
				DYLIB_CURRENT_VERSION = 1;
				DYLIB_INSTALL_NAME_BASE = "@rpath";
				GCC_C_LANGUAGE_STANDARD = gnu11;
				GCC_GENERATE_TEST_COVERAGE_FILES = YES;
				INFOPLIST_FILE = "$(SRCROOT)/Tests/Info.plist";
				INSTALL_PATH = "$(LOCAL_LIBRARY_DIR)/Frameworks";
				LD_RUNPATH_SEARCH_PATHS = "$(inherited) @executable_path/Frameworks @loader_path/Frameworks";
				MTL_ENABLE_DEBUG_INFO = INCLUDE_SOURCE;
				MTL_FAST_MATH = YES;
				PRODUCT_BUNDLE_IDENTIFIER = org.cocoapods.LASwift;
				PRODUCT_NAME = LASwift;
				SDKROOT = appletvos;
				SKIP_INSTALL = YES;
				SUPPORTED_PLATFORMS = "appletvsimulator appletvos";
				SWIFT_ACTIVE_COMPILATION_CONDITIONS = DEBUG;
				SWIFT_VERSION = 5.0;
				TARGETED_DEVICE_FAMILY = 3;
				TVOS_DEPLOYMENT_TARGET = 9.0;
				VERSIONING_SYSTEM = "apple-generic";
				VERSION_INFO_PREFIX = "";
			};
			name = Debug;
		};
		3611B65021E96E1D004E0EF8 /* Release */ = {
			isa = XCBuildConfiguration;
			baseConfigurationReference = AA60353EB7DC503309D0D1CB /* Pods-LASwift-tvOS.release.xcconfig */;
			buildSettings = {
				CLANG_ANALYZER_NONNULL = YES;
				CLANG_ANALYZER_NUMBER_OBJECT_CONVERSION = YES_AGGRESSIVE;
				CLANG_CXX_LANGUAGE_STANDARD = "gnu++14";
				CLANG_ENABLE_OBJC_WEAK = YES;
				CLANG_WARN_DEPRECATED_OBJC_IMPLEMENTATIONS = YES;
				CLANG_WARN_DOCUMENTATION_COMMENTS = YES;
				CLANG_WARN_OBJC_IMPLICIT_RETAIN_SELF = YES;
				CLANG_WARN_UNGUARDED_AVAILABILITY = YES_AGGRESSIVE;
				CODE_SIGN_IDENTITY = "";
				CODE_SIGN_STYLE = Automatic;
				CURRENT_PROJECT_VERSION = 1;
				DEFINES_MODULE = YES;
				DYLIB_COMPATIBILITY_VERSION = 1;
				DYLIB_CURRENT_VERSION = 1;
				DYLIB_INSTALL_NAME_BASE = "@rpath";
				GCC_C_LANGUAGE_STANDARD = gnu11;
				GCC_GENERATE_TEST_COVERAGE_FILES = YES;
				INFOPLIST_FILE = "$(SRCROOT)/Tests/Info.plist";
				INSTALL_PATH = "$(LOCAL_LIBRARY_DIR)/Frameworks";
				LD_RUNPATH_SEARCH_PATHS = "$(inherited) @executable_path/Frameworks @loader_path/Frameworks";
				MTL_FAST_MATH = YES;
				PRODUCT_BUNDLE_IDENTIFIER = org.cocoapods.LASwift;
				PRODUCT_NAME = LASwift;
				SDKROOT = appletvos;
				SKIP_INSTALL = YES;
				SUPPORTED_PLATFORMS = "appletvsimulator appletvos";
				SWIFT_VERSION = 5.0;
				TARGETED_DEVICE_FAMILY = 3;
				TVOS_DEPLOYMENT_TARGET = 9.0;
				VERSIONING_SYSTEM = "apple-generic";
				VERSION_INFO_PREFIX = "";
			};
			name = Release;
		};
		3611B65C21E96E47004E0EF8 /* Debug */ = {
			isa = XCBuildConfiguration;
			baseConfigurationReference = DDDF3121628E3379F1F31373 /* Pods-LASwift-watchOS.debug.xcconfig */;
			buildSettings = {
				APPLICATION_EXTENSION_API_ONLY = YES;
				CLANG_ANALYZER_NONNULL = YES;
				CLANG_ANALYZER_NUMBER_OBJECT_CONVERSION = YES_AGGRESSIVE;
				CLANG_CXX_LANGUAGE_STANDARD = "gnu++14";
				CLANG_ENABLE_OBJC_WEAK = YES;
				CLANG_WARN_DEPRECATED_OBJC_IMPLEMENTATIONS = YES;
				CLANG_WARN_DOCUMENTATION_COMMENTS = YES;
				CLANG_WARN_OBJC_IMPLICIT_RETAIN_SELF = YES;
				CLANG_WARN_UNGUARDED_AVAILABILITY = YES_AGGRESSIVE;
				CODE_SIGN_IDENTITY = "";
				CODE_SIGN_STYLE = Automatic;
				CURRENT_PROJECT_VERSION = 1;
				DEBUG_INFORMATION_FORMAT = dwarf;
				DEFINES_MODULE = YES;
				DYLIB_COMPATIBILITY_VERSION = 1;
				DYLIB_CURRENT_VERSION = 1;
				DYLIB_INSTALL_NAME_BASE = "@rpath";
				GCC_C_LANGUAGE_STANDARD = gnu11;
				GCC_GENERATE_TEST_COVERAGE_FILES = YES;
				INFOPLIST_FILE = "$(SRCROOT)/Tests/Info.plist";
				INSTALL_PATH = "$(LOCAL_LIBRARY_DIR)/Frameworks";
				LD_RUNPATH_SEARCH_PATHS = "$(inherited) @executable_path/Frameworks @loader_path/Frameworks";
				MTL_ENABLE_DEBUG_INFO = INCLUDE_SOURCE;
				MTL_FAST_MATH = YES;
				PRODUCT_BUNDLE_IDENTIFIER = org.cocoapods.LASwift;
				PRODUCT_NAME = LASwift;
				SDKROOT = watchos;
				SKIP_INSTALL = YES;
				SUPPORTED_PLATFORMS = "watchsimulator watchos";
				SWIFT_ACTIVE_COMPILATION_CONDITIONS = DEBUG;
				SWIFT_VERSION = 5.0;
				TARGETED_DEVICE_FAMILY = 4;
				VERSIONING_SYSTEM = "apple-generic";
				VERSION_INFO_PREFIX = "";
				WATCHOS_DEPLOYMENT_TARGET = 2.0;
			};
			name = Debug;
		};
		3611B65D21E96E47004E0EF8 /* Release */ = {
			isa = XCBuildConfiguration;
			baseConfigurationReference = 6D15D806270D98DDCB0FB8F4 /* Pods-LASwift-watchOS.release.xcconfig */;
			buildSettings = {
				APPLICATION_EXTENSION_API_ONLY = YES;
				CLANG_ANALYZER_NONNULL = YES;
				CLANG_ANALYZER_NUMBER_OBJECT_CONVERSION = YES_AGGRESSIVE;
				CLANG_CXX_LANGUAGE_STANDARD = "gnu++14";
				CLANG_ENABLE_OBJC_WEAK = YES;
				CLANG_WARN_DEPRECATED_OBJC_IMPLEMENTATIONS = YES;
				CLANG_WARN_DOCUMENTATION_COMMENTS = YES;
				CLANG_WARN_OBJC_IMPLICIT_RETAIN_SELF = YES;
				CLANG_WARN_UNGUARDED_AVAILABILITY = YES_AGGRESSIVE;
				CODE_SIGN_IDENTITY = "";
				CODE_SIGN_STYLE = Automatic;
				CURRENT_PROJECT_VERSION = 1;
				DEFINES_MODULE = YES;
				DYLIB_COMPATIBILITY_VERSION = 1;
				DYLIB_CURRENT_VERSION = 1;
				DYLIB_INSTALL_NAME_BASE = "@rpath";
				GCC_C_LANGUAGE_STANDARD = gnu11;
				GCC_GENERATE_TEST_COVERAGE_FILES = YES;
				INFOPLIST_FILE = "$(SRCROOT)/Tests/Info.plist";
				INSTALL_PATH = "$(LOCAL_LIBRARY_DIR)/Frameworks";
				LD_RUNPATH_SEARCH_PATHS = "$(inherited) @executable_path/Frameworks @loader_path/Frameworks";
				MTL_FAST_MATH = YES;
				PRODUCT_BUNDLE_IDENTIFIER = org.cocoapods.LASwift;
				PRODUCT_NAME = LASwift;
				SDKROOT = watchos;
				SKIP_INSTALL = YES;
				SUPPORTED_PLATFORMS = "watchsimulator watchos";
				SWIFT_VERSION = 5.0;
				TARGETED_DEVICE_FAMILY = 4;
				VERSIONING_SYSTEM = "apple-generic";
				VERSION_INFO_PREFIX = "";
				WATCHOS_DEPLOYMENT_TARGET = 2.0;
			};
			name = Release;
		};
		3611B68B21E96F46004E0EF8 /* Debug */ = {
			isa = XCBuildConfiguration;
			baseConfigurationReference = D73221DE1DD93737086D2485 /* Pods-LASwift-macOS.debug.xcconfig */;
			buildSettings = {
				CLANG_ANALYZER_NONNULL = YES;
				CLANG_ANALYZER_NUMBER_OBJECT_CONVERSION = YES_AGGRESSIVE;
				CLANG_CXX_LANGUAGE_STANDARD = "gnu++14";
				CLANG_ENABLE_OBJC_WEAK = YES;
				CLANG_WARN_DEPRECATED_OBJC_IMPLEMENTATIONS = YES;
				CLANG_WARN_DOCUMENTATION_COMMENTS = YES;
				CLANG_WARN_OBJC_IMPLICIT_RETAIN_SELF = YES;
				CLANG_WARN_UNGUARDED_AVAILABILITY = YES_AGGRESSIVE;
				CODE_SIGN_IDENTITY = "-";
				CODE_SIGN_STYLE = Automatic;
				COMBINE_HIDPI_IMAGES = YES;
				CURRENT_PROJECT_VERSION = 1;
				DEBUG_INFORMATION_FORMAT = dwarf;
				DEFINES_MODULE = YES;
				DYLIB_COMPATIBILITY_VERSION = 1;
				DYLIB_CURRENT_VERSION = 1;
				DYLIB_INSTALL_NAME_BASE = "@rpath";
				FRAMEWORK_VERSION = A;
				GCC_C_LANGUAGE_STANDARD = gnu11;
				GCC_GENERATE_TEST_COVERAGE_FILES = YES;
				INFOPLIST_FILE = "$(SRCROOT)/Tests/Info.plist";
				INSTALL_PATH = "$(LOCAL_LIBRARY_DIR)/Frameworks";
				LD_RUNPATH_SEARCH_PATHS = "$(inherited) @executable_path/../Frameworks @loader_path/Frameworks";
				MACOSX_DEPLOYMENT_TARGET = 10.14;
				MTL_ENABLE_DEBUG_INFO = INCLUDE_SOURCE;
				MTL_FAST_MATH = YES;
				PRODUCT_BUNDLE_IDENTIFIER = "org.cocoapods.LASwift-macOS";
				PRODUCT_NAME = LASwift;
				SDKROOT = macosx;
				SKIP_INSTALL = YES;
				SUPPORTED_PLATFORMS = macosx;
				SWIFT_ACTIVE_COMPILATION_CONDITIONS = DEBUG;
				SWIFT_VERSION = 5.0;
				VERSIONING_SYSTEM = "apple-generic";
				VERSION_INFO_PREFIX = "";
			};
			name = Debug;
		};
		3611B68C21E96F46004E0EF8 /* Release */ = {
			isa = XCBuildConfiguration;
			baseConfigurationReference = 8C2FD693A9DA150F043CE3C2 /* Pods-LASwift-macOS.release.xcconfig */;
			buildSettings = {
				CLANG_ANALYZER_NONNULL = YES;
				CLANG_ANALYZER_NUMBER_OBJECT_CONVERSION = YES_AGGRESSIVE;
				CLANG_CXX_LANGUAGE_STANDARD = "gnu++14";
				CLANG_ENABLE_OBJC_WEAK = YES;
				CLANG_WARN_DEPRECATED_OBJC_IMPLEMENTATIONS = YES;
				CLANG_WARN_DOCUMENTATION_COMMENTS = YES;
				CLANG_WARN_OBJC_IMPLICIT_RETAIN_SELF = YES;
				CLANG_WARN_UNGUARDED_AVAILABILITY = YES_AGGRESSIVE;
				CODE_SIGN_IDENTITY = "-";
				CODE_SIGN_STYLE = Automatic;
				COMBINE_HIDPI_IMAGES = YES;
				CURRENT_PROJECT_VERSION = 1;
				DEFINES_MODULE = YES;
				DYLIB_COMPATIBILITY_VERSION = 1;
				DYLIB_CURRENT_VERSION = 1;
				DYLIB_INSTALL_NAME_BASE = "@rpath";
				FRAMEWORK_VERSION = A;
				GCC_C_LANGUAGE_STANDARD = gnu11;
				GCC_GENERATE_TEST_COVERAGE_FILES = YES;
				INFOPLIST_FILE = "$(SRCROOT)/Tests/Info.plist";
				INSTALL_PATH = "$(LOCAL_LIBRARY_DIR)/Frameworks";
				LD_RUNPATH_SEARCH_PATHS = "$(inherited) @executable_path/../Frameworks @loader_path/Frameworks";
				MACOSX_DEPLOYMENT_TARGET = 10.14;
				MTL_FAST_MATH = YES;
				PRODUCT_BUNDLE_IDENTIFIER = "org.cocoapods.LASwift-macOS";
				PRODUCT_NAME = LASwift;
				SDKROOT = macosx;
				SKIP_INSTALL = YES;
				SUPPORTED_PLATFORMS = macosx;
				SWIFT_VERSION = 5.0;
				VERSIONING_SYSTEM = "apple-generic";
				VERSION_INFO_PREFIX = "";
			};
			name = Release;
		};
		607FACED1AFB9204008FA782 /* Debug */ = {
			isa = XCBuildConfiguration;
			buildSettings = {
				ALWAYS_SEARCH_USER_PATHS = NO;
				CLANG_CXX_LANGUAGE_STANDARD = "gnu++0x";
				CLANG_CXX_LIBRARY = "libc++";
				CLANG_ENABLE_MODULES = YES;
				CLANG_ENABLE_OBJC_ARC = YES;
				CLANG_WARN_BLOCK_CAPTURE_AUTORELEASING = YES;
				CLANG_WARN_BOOL_CONVERSION = YES;
				CLANG_WARN_COMMA = YES;
				CLANG_WARN_CONSTANT_CONVERSION = YES;
				CLANG_WARN_DIRECT_OBJC_ISA_USAGE = YES_ERROR;
				CLANG_WARN_EMPTY_BODY = YES;
				CLANG_WARN_ENUM_CONVERSION = YES;
				CLANG_WARN_INFINITE_RECURSION = YES;
				CLANG_WARN_INT_CONVERSION = YES;
				CLANG_WARN_NON_LITERAL_NULL_CONVERSION = YES;
				CLANG_WARN_OBJC_LITERAL_CONVERSION = YES;
				CLANG_WARN_OBJC_ROOT_CLASS = YES_ERROR;
				CLANG_WARN_RANGE_LOOP_ANALYSIS = YES;
				CLANG_WARN_STRICT_PROTOTYPES = YES;
				CLANG_WARN_SUSPICIOUS_MOVE = YES;
				CLANG_WARN_UNREACHABLE_CODE = YES;
				CLANG_WARN__DUPLICATE_METHOD_MATCH = YES;
				"CODE_SIGN_IDENTITY[sdk=iphoneos*]" = "iPhone Developer";
				COPY_PHASE_STRIP = NO;
				DEBUG_INFORMATION_FORMAT = "dwarf-with-dsym";
				ENABLE_STRICT_OBJC_MSGSEND = YES;
				ENABLE_TESTABILITY = YES;
				GCC_C_LANGUAGE_STANDARD = gnu99;
				GCC_DYNAMIC_NO_PIC = NO;
				GCC_NO_COMMON_BLOCKS = YES;
				GCC_OPTIMIZATION_LEVEL = 0;
				GCC_PREPROCESSOR_DEFINITIONS = (
					"DEBUG=1",
					"$(inherited)",
				);
				GCC_SYMBOLS_PRIVATE_EXTERN = NO;
				GCC_WARN_64_TO_32_BIT_CONVERSION = YES;
				GCC_WARN_ABOUT_RETURN_TYPE = YES_ERROR;
				GCC_WARN_UNDECLARED_SELECTOR = YES;
				GCC_WARN_UNINITIALIZED_AUTOS = YES_AGGRESSIVE;
				GCC_WARN_UNUSED_FUNCTION = YES;
				GCC_WARN_UNUSED_VARIABLE = YES;
				IPHONEOS_DEPLOYMENT_TARGET = 9.0;
				MACOSX_DEPLOYMENT_TARGET = 10.15;
				MTL_ENABLE_DEBUG_INFO = YES;
				ONLY_ACTIVE_ARCH = YES;
				SDKROOT = iphoneos;
				SUPPORTED_PLATFORMS = "iphonesimulator iphoneos";
				SWIFT_OPTIMIZATION_LEVEL = "-Onone";
				SWIFT_VERSION = 5.0;
			};
			name = Debug;
		};
		607FACEE1AFB9204008FA782 /* Release */ = {
			isa = XCBuildConfiguration;
			buildSettings = {
				ALWAYS_SEARCH_USER_PATHS = NO;
				CLANG_CXX_LANGUAGE_STANDARD = "gnu++0x";
				CLANG_CXX_LIBRARY = "libc++";
				CLANG_ENABLE_MODULES = YES;
				CLANG_ENABLE_OBJC_ARC = YES;
				CLANG_WARN_BLOCK_CAPTURE_AUTORELEASING = YES;
				CLANG_WARN_BOOL_CONVERSION = YES;
				CLANG_WARN_COMMA = YES;
				CLANG_WARN_CONSTANT_CONVERSION = YES;
				CLANG_WARN_DIRECT_OBJC_ISA_USAGE = YES_ERROR;
				CLANG_WARN_EMPTY_BODY = YES;
				CLANG_WARN_ENUM_CONVERSION = YES;
				CLANG_WARN_INFINITE_RECURSION = YES;
				CLANG_WARN_INT_CONVERSION = YES;
				CLANG_WARN_NON_LITERAL_NULL_CONVERSION = YES;
				CLANG_WARN_OBJC_LITERAL_CONVERSION = YES;
				CLANG_WARN_OBJC_ROOT_CLASS = YES_ERROR;
				CLANG_WARN_RANGE_LOOP_ANALYSIS = YES;
				CLANG_WARN_STRICT_PROTOTYPES = YES;
				CLANG_WARN_SUSPICIOUS_MOVE = YES;
				CLANG_WARN_UNREACHABLE_CODE = YES;
				CLANG_WARN__DUPLICATE_METHOD_MATCH = YES;
				"CODE_SIGN_IDENTITY[sdk=iphoneos*]" = "iPhone Developer";
				COPY_PHASE_STRIP = NO;
				DEBUG_INFORMATION_FORMAT = "dwarf-with-dsym";
				ENABLE_NS_ASSERTIONS = NO;
				ENABLE_STRICT_OBJC_MSGSEND = YES;
				GCC_C_LANGUAGE_STANDARD = gnu99;
				GCC_NO_COMMON_BLOCKS = YES;
				GCC_WARN_64_TO_32_BIT_CONVERSION = YES;
				GCC_WARN_ABOUT_RETURN_TYPE = YES_ERROR;
				GCC_WARN_UNDECLARED_SELECTOR = YES;
				GCC_WARN_UNINITIALIZED_AUTOS = YES_AGGRESSIVE;
				GCC_WARN_UNUSED_FUNCTION = YES;
				GCC_WARN_UNUSED_VARIABLE = YES;
				IPHONEOS_DEPLOYMENT_TARGET = 9.0;
				MACOSX_DEPLOYMENT_TARGET = 10.15;
				MTL_ENABLE_DEBUG_INFO = NO;
				SDKROOT = iphoneos;
				SUPPORTED_PLATFORMS = "iphonesimulator iphoneos";
				SWIFT_OPTIMIZATION_LEVEL = "-Owholemodule";
				SWIFT_VERSION = 5.0;
				VALIDATE_PRODUCT = YES;
			};
			name = Release;
		};
		607FACF31AFB9204008FA782 /* Debug */ = {
			isa = XCBuildConfiguration;
			baseConfigurationReference = 1E0486DAC721E4465B68CF48 /* Pods-LASwift-Tests.debug.xcconfig */;
			buildSettings = {
				DEVELOPMENT_TEAM = "";
				FRAMEWORK_SEARCH_PATHS = "$(inherited)";
				GCC_GENERATE_TEST_COVERAGE_FILES = YES;
				GCC_PREPROCESSOR_DEFINITIONS = (
					"DEBUG=1",
					"$(inherited)",
				);
				INFOPLIST_FILE = Tests/Info.plist;
				LD_RUNPATH_SEARCH_PATHS = "$(inherited) @executable_path/Frameworks @loader_path/Frameworks";
				PRODUCT_BUNDLE_IDENTIFIER = "org.cocoapods.$(PRODUCT_NAME:rfc1034identifier)";
				PRODUCT_NAME = "$(TARGET_NAME)";
				SDKROOT = macosx;
				SUPPORTED_PLATFORMS = macosx;
				SWIFT_SWIFT3_OBJC_INFERENCE = Off;
				SWIFT_VERSION = 5.0;
			};
			name = Debug;
		};
		607FACF41AFB9204008FA782 /* Release */ = {
			isa = XCBuildConfiguration;
			baseConfigurationReference = 3ED83793FC8493634255E29D /* Pods-LASwift-Tests.release.xcconfig */;
			buildSettings = {
				DEVELOPMENT_TEAM = "";
				FRAMEWORK_SEARCH_PATHS = "$(inherited)";
				GCC_GENERATE_TEST_COVERAGE_FILES = YES;
				INFOPLIST_FILE = Tests/Info.plist;
				LD_RUNPATH_SEARCH_PATHS = "$(inherited) @executable_path/Frameworks @loader_path/Frameworks";
				PRODUCT_BUNDLE_IDENTIFIER = "org.cocoapods.$(PRODUCT_NAME:rfc1034identifier)";
				PRODUCT_NAME = "$(TARGET_NAME)";
				SDKROOT = macosx;
				SUPPORTED_PLATFORMS = macosx;
				SWIFT_SWIFT3_OBJC_INFERENCE = Off;
				SWIFT_VERSION = 5.0;
			};
			name = Release;
		};
/* End XCBuildConfiguration section */

/* Begin XCConfigurationList section */
		3611B5B521E96BD3004E0EF8 /* Build configuration list for PBXNativeTarget "LASwift-iOS" */ = {
			isa = XCConfigurationList;
			buildConfigurations = (
				3611B5B621E96BD3004E0EF8 /* Debug */,
				3611B5B721E96BD3004E0EF8 /* Release */,
			);
			defaultConfigurationIsVisible = 0;
			defaultConfigurationName = Release;
		};
		3611B64E21E96E1D004E0EF8 /* Build configuration list for PBXNativeTarget "LASwift-tvOS" */ = {
			isa = XCConfigurationList;
			buildConfigurations = (
				3611B64F21E96E1D004E0EF8 /* Debug */,
				3611B65021E96E1D004E0EF8 /* Release */,
			);
			defaultConfigurationIsVisible = 0;
			defaultConfigurationName = Release;
		};
		3611B65B21E96E47004E0EF8 /* Build configuration list for PBXNativeTarget "LASwift-watchOS" */ = {
			isa = XCConfigurationList;
			buildConfigurations = (
				3611B65C21E96E47004E0EF8 /* Debug */,
				3611B65D21E96E47004E0EF8 /* Release */,
			);
			defaultConfigurationIsVisible = 0;
			defaultConfigurationName = Release;
		};
		3611B68A21E96F46004E0EF8 /* Build configuration list for PBXNativeTarget "LASwift-macOS" */ = {
			isa = XCConfigurationList;
			buildConfigurations = (
				3611B68B21E96F46004E0EF8 /* Debug */,
				3611B68C21E96F46004E0EF8 /* Release */,
			);
			defaultConfigurationIsVisible = 0;
			defaultConfigurationName = Release;
		};
		607FACCB1AFB9204008FA782 /* Build configuration list for PBXProject "LASwift" */ = {
			isa = XCConfigurationList;
			buildConfigurations = (
				607FACED1AFB9204008FA782 /* Debug */,
				607FACEE1AFB9204008FA782 /* Release */,
			);
			defaultConfigurationIsVisible = 0;
			defaultConfigurationName = Release;
		};
		607FACF21AFB9204008FA782 /* Build configuration list for PBXNativeTarget "LASwift-Tests" */ = {
			isa = XCConfigurationList;
			buildConfigurations = (
				607FACF31AFB9204008FA782 /* Debug */,
				607FACF41AFB9204008FA782 /* Release */,
			);
			defaultConfigurationIsVisible = 0;
			defaultConfigurationName = Release;
		};
/* End XCConfigurationList section */
	};
	rootObject = 607FACC81AFB9204008FA782 /* Project object */;
}
